
Microsoft Visual Studio Solution File, Format Version 12.00
# Visual Studio Version 17
VisualStudioVersion = 17.0.29613.14
MinimumVisualStudioVersion = 10.0.40219.1
Project("{2150E333-8FDC-42A3-9474-1A3956D46DE8}") = "Tests", "Tests", "{51AC5A23-37B9-447B-8A18-2AFF171FA253}"
EndProject
Project("{9A19103F-16F7-4668-BE54-9A1E7A4F7556}") = "Genocs.Core", "src\Genocs.Core\Genocs.Core.csproj", "{6B284623-DDB5-44A6-807E-96293E622027}"
EndProject
Project("{9A19103F-16F7-4668-BE54-9A1E7A4F7556}") = "Genocs.Core.UnitTests", "src\Genocs.Core.UnitTests\Genocs.Core.UnitTests.csproj", "{26927D4A-62D7-43BB-8E40-173B2331BC8B}"
EndProject
Project("{9A19103F-16F7-4668-BE54-9A1E7A4F7556}") = "Genocs.Persistence.MongoDb", "src\Genocs.Persistence.MongoDb\Genocs.Persistence.MongoDb.csproj", "{43604E79-FEA7-4A53-B2E9-C1D6FE30F8E5}"
EndProject
Project("{9A19103F-16F7-4668-BE54-9A1E7A4F7556}") = "Genocs.Persistence.MongoDB.UnitTests", "src\Genocs.Persistence.MongoDb.UnitTests\Genocs.Persistence.MongoDB.UnitTests.csproj", "{B432832E-7BB2-4D24-B910-23C65580AC9C}"
EndProject
Project("{9A19103F-16F7-4668-BE54-9A1E7A4F7556}") = "Genocs.ServiceBusAzure", "src\Genocs.ServiceBusAzure\Genocs.ServiceBusAzure.csproj", "{EF2A0B5B-40E6-48A1-B8BC-A539295BE24C}"
EndProject
Project("{2150E333-8FDC-42A3-9474-1A3956D46DE8}") = "Demo", "Demo", "{220036E9-322D-4D4A-BA98-21DCF111C50A}"
EndProject
Project("{9A19103F-16F7-4668-BE54-9A1E7A4F7556}") = "Genocs.ServiceBusAzure.UnitTests", "src\Genocs.ServiceBusAzure.UnitTests\Genocs.ServiceBusAzure.UnitTests.csproj", "{893C21F8-7581-4BFA-8ECB-49A685CA937C}"
EndProject
Project("{9A19103F-16F7-4668-BE54-9A1E7A4F7556}") = "Genocs.Core.Demo.WebApi", "src\Genocs.Core.Demo.WebApi\Genocs.Core.Demo.WebApi.csproj", "{A753BE9B-3E49-468E-84E8-A5E603DED02C}"
EndProject
Project("{9A19103F-16F7-4668-BE54-9A1E7A4F7556}") = "Genocs.Core.Demo.Worker", "src\Genocs.Core.Demo.Worker\Genocs.Core.Demo.Worker.csproj", "{CB5689EF-527A-4765-909E-C3E247B31F83}"
EndProject
Project("{9A19103F-16F7-4668-BE54-9A1E7A4F7556}") = "Genocs.Core.Demo.Contracts", "src\Genocs.Core.Demo.Contracts\Genocs.Core.Demo.Contracts.csproj", "{B8585557-034E-4028-BFE9-80B6ABA287F3}"
EndProject
Project("{9A19103F-16F7-4668-BE54-9A1E7A4F7556}") = "Genocs.Core.Demo.Domain", "src\Genocs.Core.Demo.Domain\Genocs.Core.Demo.Domain.csproj", "{3F6C140E-EA64-424D-9214-53A677157E10}"
EndProject
Project("{9A19103F-16F7-4668-BE54-9A1E7A4F7556}") = "Genocs.Core.Demo.Infrastructure", "src\Genocs.Core.Demo.Infrastructure\Genocs.Core.Demo.Infrastructure.csproj", "{FA01671E-9778-4581-9CD3-4A0651DBC7D7}"
EndProject
Project("{9A19103F-16F7-4668-BE54-9A1E7A4F7556}") = "Genocs.QueryBuilder", "src\Genocs.QueryBuilder\Genocs.QueryBuilder.csproj", "{2F9F9EF1-031D-433A-816D-49372AAAAC66}"
EndProject
Project("{9A19103F-16F7-4668-BE54-9A1E7A4F7556}") = "Genocs.QueryBuilder.UnitTests", "src\Genocs.QueryBuilder.UnitTests\Genocs.QueryBuilder.UnitTests.csproj", "{23B5DC61-F78E-42A5-9AA8-AB96DB7C89EC}"
EndProject
Project("{9A19103F-16F7-4668-BE54-9A1E7A4F7556}") = "Genocs.HTTP", "src\Genocs.HTTP\Genocs.HTTP.csproj", "{F3335D07-6BCE-455C-A141-DADF8192DD84}"
EndProject
Project("{9A19103F-16F7-4668-BE54-9A1E7A4F7556}") = "Genocs.Auth", "src\Genocs.Auth\Genocs.Auth.csproj", "{63DFA0D8-D60E-4985-BD46-E6A2F253E2D5}"
EndProject
Project("{9A19103F-16F7-4668-BE54-9A1E7A4F7556}") = "Genocs.WebApi", "src\Genocs.WebApi\Genocs.WebApi.csproj", "{612DA557-6D26-485A-A998-AAABEC1F796B}"
EndProject
Project("{9A19103F-16F7-4668-BE54-9A1E7A4F7556}") = "Genocs.WebApi.Swagger", "src\Genocs.WebApi.Swagger\Genocs.WebApi.Swagger.csproj", "{E01C11ED-A212-4B57-A94B-0B4CA097AB49}"
EndProject
Project("{9A19103F-16F7-4668-BE54-9A1E7A4F7556}") = "Genocs.Security", "src\Genocs.Security\Genocs.Security.csproj", "{BCCF74A5-CC6C-4027-9788-C9C1E6861B85}"
EndProject
Project("{9A19103F-16F7-4668-BE54-9A1E7A4F7556}") = "Genocs.WebApi.CQRS", "src\Genocs.WebApi.CQRS\Genocs.WebApi.CQRS.csproj", "{FC4113D0-1607-43F2-9CBE-BC72F5E323CB}"
EndProject
Project("{9A19103F-16F7-4668-BE54-9A1E7A4F7556}") = "Genocs.WebApi.Security", "src\Genocs.WebApi.Security\Genocs.WebApi.Security.csproj", "{340F4232-B7A0-4FD9-84D8-93EB133E6A62}"
EndProject
Project("{9A19103F-16F7-4668-BE54-9A1E7A4F7556}") = "Genocs.Logging", "src\Genocs.Logging\Genocs.Logging.csproj", "{818F20F6-90D9-4C15-93E5-D42671A164BD}"
EndProject
Project("{9A19103F-16F7-4668-BE54-9A1E7A4F7556}") = "Genocs.Tracing", "src\Genocs.Tracing\Genocs.Tracing.csproj", "{DA6ABBE3-D3D8-4AC2-B39C-392CD8D19F65}"
EndProject
Project("{9A19103F-16F7-4668-BE54-9A1E7A4F7556}") = "Genocs.Metrics", "src\Genocs.Metrics\Genocs.Metrics.csproj", "{1DF0A91E-67B7-45E9-85F0-99525BBD3A5B}"
EndProject
Project("{9A19103F-16F7-4668-BE54-9A1E7A4F7556}") = "Genocs.MessageBrokers", "src\Genocs.MessageBrokers\Genocs.MessageBrokers.csproj", "{F1B5BC4A-B3D1-4108-A3A0-5146330E824D}"
EndProject
Project("{9A19103F-16F7-4668-BE54-9A1E7A4F7556}") = "Genocs.MessageBrokers.Outbox", "src\Genocs.MessageBrokers.Outbox\Genocs.MessageBrokers.Outbox.csproj", "{FB7F9145-F929-4FA9-9298-262729608863}"
EndProject
Project("{9A19103F-16F7-4668-BE54-9A1E7A4F7556}") = "Genocs.MessageBrokers.RabbitMQ", "src\Genocs.MessageBrokers.RabbitMQ\Genocs.MessageBrokers.RabbitMQ.csproj", "{B8039132-B988-4042-A45B-90ED9DAA25A1}"
EndProject
Project("{9A19103F-16F7-4668-BE54-9A1E7A4F7556}") = "Genocs.MessageBrokers.Outbox.MongoDB", "src\Genocs.MessageBrokers.Outbox.MongoDB\Genocs.MessageBrokers.Outbox.MongoDB.csproj", "{496C63B8-830A-4E97-AC1F-BE6E84AE1040}"
EndProject
Project("{9A19103F-16F7-4668-BE54-9A1E7A4F7556}") = "Genocs.Persistence.Redis", "src\Genocs.Persistence.Redis\Genocs.Persistence.Redis.csproj", "{271446F3-1AB0-44CF-BC5F-1547C69A985C}"
EndProject
Project("{9A19103F-16F7-4668-BE54-9A1E7A4F7556}") = "Genocs.Secrets.Vault", "src\Genocs.Secrets.Vault\Genocs.Secrets.Vault.csproj", "{3AC0521F-192D-4B1F-8741-64D4505A5AA5}"
EndProject
Project("{2150E333-8FDC-42A3-9474-1A3956D46DE8}") = "Application", "Application", "{140B7191-88E9-4EEE-9D86-9A70839F8507}"
EndProject
Project("{2150E333-8FDC-42A3-9474-1A3956D46DE8}") = "apigateway", "apigateway", "{E2C01E9C-032C-4CD2-A0DE-C1A7AB8A9C7B}"
EndProject
Project("{2150E333-8FDC-42A3-9474-1A3956D46DE8}") = "identity", "identity", "{6E25EB9D-CA55-4DF1-8A2A-5A8A20C4B849}"
EndProject
Project("{2150E333-8FDC-42A3-9474-1A3956D46DE8}") = "orders", "orders", "{80862789-8B42-4878-AC10-9CFF06A7313C}"
EndProject
Project("{2150E333-8FDC-42A3-9474-1A3956D46DE8}") = "notifications", "notifications", "{75D24F85-48AC-4058-AF8D-461FC6A360AD}"
EndProject
Project("{2150E333-8FDC-42A3-9474-1A3956D46DE8}") = "wallet", "wallet", "{9344A71B-D7EA-4C91-B303-2F8E8841B521}"
EndProject
Project("{2150E333-8FDC-42A3-9474-1A3956D46DE8}") = "products", "products", "{B2028A73-6C94-4166-A0BB-22080805E351}"
EndProject
Project("{9A19103F-16F7-4668-BE54-9A1E7A4F7556}") = "APIGateway.WebApi", "src\apps\apigateway\APIGateway.WebApi\APIGateway.WebApi.csproj", "{C9E31675-9AD7-4EBC-9986-B64CCE869454}"
EndProject
Project("{9A19103F-16F7-4668-BE54-9A1E7A4F7556}") = "Identities.Application", "src\apps\identity\Identities.Application\Identities.Application.csproj", "{D1BE29BD-9518-42DA-9A34-C86D4287BAB5}"
EndProject
Project("{9A19103F-16F7-4668-BE54-9A1E7A4F7556}") = "Identities.WebApi", "src\apps\identity\Identities.WebApi\Identities.WebApi.csproj", "{CA411C82-9B2F-45B2-AF3F-8650C971E49D}"
EndProject
Project("{9A19103F-16F7-4668-BE54-9A1E7A4F7556}") = "Genocs.Common", "src\Genocs.Common\Genocs.Common.csproj", "{2B25640E-3141-4AD1-AFDE-AFE4ADDBA45F}"
EndProject
Project("{2150E333-8FDC-42A3-9474-1A3956D46DE8}") = "_Solution Items", "_Solution Items", "{51A2E158-4686-4764-91D5-3CDDD06280D4}"
	ProjectSection(SolutionItems) = preProject
		.editorconfig = .editorconfig
		demo-docker-compose.yml = demo-docker-compose.yml
		demo-webapi.dockerfile = demo-webapi.dockerfile
		demo-worker.dockerfile = demo-worker.dockerfile
		Directory.Build.props = Directory.Build.props
		Directory.Build.targets = Directory.Build.targets
		dotnet.ruleset = dotnet.ruleset
		global.json = global.json
		launchSettings.json = launchSettings.json
		Makefile = Makefile
		README.md = README.md
		stylecop.json = stylecop.json
	EndProjectSection
EndProject
Project("{9A19103F-16F7-4668-BE54-9A1E7A4F7556}") = "Orders.WebApi", "src\apps\orders\Orders.WebApi\Orders.WebApi.csproj", "{F9F54FEC-23B0-4A83-B5E9-75CD476D4B22}"
EndProject
Project("{9A19103F-16F7-4668-BE54-9A1E7A4F7556}") = "Genocs.Discovery.Consul", "src\Genocs.Discovery.Consul\Genocs.Discovery.Consul.csproj", "{C42D741B-EBCC-4770-907C-C8B980D22A65}"
EndProject
Project("{9A19103F-16F7-4668-BE54-9A1E7A4F7556}") = "Genocs.LoadBalancing.Fabio", "src\Genocs.LoadBalancing.Fabio\Genocs.LoadBalancing.Fabio.csproj", "{51C9BA95-7731-4D53-92D3-5BF6DF4147D6}"
EndProject
Project("{9A19103F-16F7-4668-BE54-9A1E7A4F7556}") = "Genocs.HTTP.RestEase", "src\Genocs.HTTP.RestEase\Genocs.HTTP.RestEase.csproj", "{C2CC0D45-CB64-4E0C-B875-6DB1667141E3}"
EndProject
Project("{9A19103F-16F7-4668-BE54-9A1E7A4F7556}") = "Notifications.WebApi", "src\apps\notifications\Notifications.WebApi\Notifications.WebApi.csproj", "{6846DCBA-4D72-49DA-B4FE-70AAF5542AB2}"
EndProject
Project("{9A19103F-16F7-4668-BE54-9A1E7A4F7556}") = "Products.WebApi", "src\apps\products\Products.WebApi\Products.WebApi.csproj", "{6CE8740F-8561-481B-AC9F-D1E73C449235}"
EndProject
Project("{2150E333-8FDC-42A3-9474-1A3956D46DE8}") = "Application", "Application", "{B184733D-2415-4517-BC65-26ED22EEB2C2}"
	ProjectSection(SolutionItems) = preProject
		src\apps\apigateway.dockerfile = src\apps\apigateway.dockerfile
		src\apps\docker-compose.override.yml = src\apps\docker-compose.override.yml
		src\apps\docker-compose.yml = src\apps\docker-compose.yml
		src\apps\identity.dockerfile = src\apps\identity.dockerfile
		src\apps\local.env = src\apps\local.env
		src\apps\notifications.dockerfile = src\apps\notifications.dockerfile
		src\apps\orders.dockerfile = src\apps\orders.dockerfile
		src\apps\products.dockerfile = src\apps\products.dockerfile
	EndProjectSection
EndProject
Project("{9A19103F-16F7-4668-BE54-9A1E7A4F7556}") = "Genocs.Secrets.AzureKeyVault", "src\Genocs.Secrets.AzureKeyVault\Genocs.Secrets.AzureKeyVault.csproj", "{ECBF1AEE-AE3A-4F81-9943-5675169DEFA7}"
EndProject
Project("{FAE04EC0-301F-11D3-BF4B-00C04F79EFBC}") = "Genocs.OpenTelemetry", "src\Genocs.OpenTelemetry\Genocs.OpenTelemetry.csproj", "{62380657-23D0-0ECD-8FFE-0B1DA5461D37}"
EndProject
Project("{FAE04EC0-301F-11D3-BF4B-00C04F79EFBC}") = "Genocs.Core.Demo.HelloWorld", "src\Genocs.Core.Demo.HelloWorld\Genocs.Core.Demo.HelloWorld.csproj", "{D7C394CF-487D-470D-B05C-CC2DD7EC290B}"
EndProject
Project("{FAE04EC0-301F-11D3-BF4B-00C04F79EFBC}") = "Genocs.Persistence.EFCore", "src\Genocs.Persistence.EFCore\Genocs.Persistence.EFCore.csproj", "{69A6FE21-8FB1-4D4D-8C6B-B18C06EFF2CF}"
EndProject
Global
	GlobalSection(SolutionConfigurationPlatforms) = preSolution
		Debug|Any CPU = Debug|Any CPU
		Release|Any CPU = Release|Any CPU
	EndGlobalSection
	GlobalSection(ProjectConfigurationPlatforms) = postSolution
		{6B284623-DDB5-44A6-807E-96293E622027}.Debug|Any CPU.ActiveCfg = Debug|Any CPU
		{6B284623-DDB5-44A6-807E-96293E622027}.Debug|Any CPU.Build.0 = Debug|Any CPU
		{6B284623-DDB5-44A6-807E-96293E622027}.Release|Any CPU.ActiveCfg = Release|Any CPU
		{6B284623-DDB5-44A6-807E-96293E622027}.Release|Any CPU.Build.0 = Release|Any CPU
		{26927D4A-62D7-43BB-8E40-173B2331BC8B}.Debug|Any CPU.ActiveCfg = Debug|Any CPU
		{26927D4A-62D7-43BB-8E40-173B2331BC8B}.Debug|Any CPU.Build.0 = Debug|Any CPU
		{26927D4A-62D7-43BB-8E40-173B2331BC8B}.Release|Any CPU.ActiveCfg = Release|Any CPU
		{26927D4A-62D7-43BB-8E40-173B2331BC8B}.Release|Any CPU.Build.0 = Release|Any CPU
		{43604E79-FEA7-4A53-B2E9-C1D6FE30F8E5}.Debug|Any CPU.ActiveCfg = Debug|Any CPU
		{43604E79-FEA7-4A53-B2E9-C1D6FE30F8E5}.Debug|Any CPU.Build.0 = Debug|Any CPU
		{43604E79-FEA7-4A53-B2E9-C1D6FE30F8E5}.Release|Any CPU.ActiveCfg = Release|Any CPU
		{43604E79-FEA7-4A53-B2E9-C1D6FE30F8E5}.Release|Any CPU.Build.0 = Release|Any CPU
		{B432832E-7BB2-4D24-B910-23C65580AC9C}.Debug|Any CPU.ActiveCfg = Debug|Any CPU
		{B432832E-7BB2-4D24-B910-23C65580AC9C}.Debug|Any CPU.Build.0 = Debug|Any CPU
		{B432832E-7BB2-4D24-B910-23C65580AC9C}.Release|Any CPU.ActiveCfg = Release|Any CPU
		{B432832E-7BB2-4D24-B910-23C65580AC9C}.Release|Any CPU.Build.0 = Release|Any CPU
		{EF2A0B5B-40E6-48A1-B8BC-A539295BE24C}.Debug|Any CPU.ActiveCfg = Debug|Any CPU
		{EF2A0B5B-40E6-48A1-B8BC-A539295BE24C}.Debug|Any CPU.Build.0 = Debug|Any CPU
		{EF2A0B5B-40E6-48A1-B8BC-A539295BE24C}.Release|Any CPU.ActiveCfg = Release|Any CPU
		{EF2A0B5B-40E6-48A1-B8BC-A539295BE24C}.Release|Any CPU.Build.0 = Release|Any CPU
		{893C21F8-7581-4BFA-8ECB-49A685CA937C}.Debug|Any CPU.ActiveCfg = Debug|Any CPU
		{893C21F8-7581-4BFA-8ECB-49A685CA937C}.Debug|Any CPU.Build.0 = Debug|Any CPU
		{893C21F8-7581-4BFA-8ECB-49A685CA937C}.Release|Any CPU.ActiveCfg = Release|Any CPU
		{893C21F8-7581-4BFA-8ECB-49A685CA937C}.Release|Any CPU.Build.0 = Release|Any CPU
		{A753BE9B-3E49-468E-84E8-A5E603DED02C}.Debug|Any CPU.ActiveCfg = Debug|Any CPU
		{A753BE9B-3E49-468E-84E8-A5E603DED02C}.Debug|Any CPU.Build.0 = Debug|Any CPU
		{A753BE9B-3E49-468E-84E8-A5E603DED02C}.Release|Any CPU.ActiveCfg = Release|Any CPU
		{A753BE9B-3E49-468E-84E8-A5E603DED02C}.Release|Any CPU.Build.0 = Release|Any CPU
		{CB5689EF-527A-4765-909E-C3E247B31F83}.Debug|Any CPU.ActiveCfg = Debug|Any CPU
		{CB5689EF-527A-4765-909E-C3E247B31F83}.Debug|Any CPU.Build.0 = Debug|Any CPU
		{CB5689EF-527A-4765-909E-C3E247B31F83}.Release|Any CPU.ActiveCfg = Release|Any CPU
		{CB5689EF-527A-4765-909E-C3E247B31F83}.Release|Any CPU.Build.0 = Release|Any CPU
		{B8585557-034E-4028-BFE9-80B6ABA287F3}.Debug|Any CPU.ActiveCfg = Debug|Any CPU
		{B8585557-034E-4028-BFE9-80B6ABA287F3}.Debug|Any CPU.Build.0 = Debug|Any CPU
		{B8585557-034E-4028-BFE9-80B6ABA287F3}.Release|Any CPU.ActiveCfg = Release|Any CPU
		{B8585557-034E-4028-BFE9-80B6ABA287F3}.Release|Any CPU.Build.0 = Release|Any CPU
		{3F6C140E-EA64-424D-9214-53A677157E10}.Debug|Any CPU.ActiveCfg = Debug|Any CPU
		{3F6C140E-EA64-424D-9214-53A677157E10}.Debug|Any CPU.Build.0 = Debug|Any CPU
		{3F6C140E-EA64-424D-9214-53A677157E10}.Release|Any CPU.ActiveCfg = Release|Any CPU
		{3F6C140E-EA64-424D-9214-53A677157E10}.Release|Any CPU.Build.0 = Release|Any CPU
		{FA01671E-9778-4581-9CD3-4A0651DBC7D7}.Debug|Any CPU.ActiveCfg = Debug|Any CPU
		{FA01671E-9778-4581-9CD3-4A0651DBC7D7}.Debug|Any CPU.Build.0 = Debug|Any CPU
		{FA01671E-9778-4581-9CD3-4A0651DBC7D7}.Release|Any CPU.ActiveCfg = Release|Any CPU
		{FA01671E-9778-4581-9CD3-4A0651DBC7D7}.Release|Any CPU.Build.0 = Release|Any CPU
		{2F9F9EF1-031D-433A-816D-49372AAAAC66}.Debug|Any CPU.ActiveCfg = Debug|Any CPU
		{2F9F9EF1-031D-433A-816D-49372AAAAC66}.Debug|Any CPU.Build.0 = Debug|Any CPU
		{2F9F9EF1-031D-433A-816D-49372AAAAC66}.Release|Any CPU.ActiveCfg = Release|Any CPU
		{2F9F9EF1-031D-433A-816D-49372AAAAC66}.Release|Any CPU.Build.0 = Release|Any CPU
		{23B5DC61-F78E-42A5-9AA8-AB96DB7C89EC}.Debug|Any CPU.ActiveCfg = Debug|Any CPU
		{23B5DC61-F78E-42A5-9AA8-AB96DB7C89EC}.Debug|Any CPU.Build.0 = Debug|Any CPU
		{23B5DC61-F78E-42A5-9AA8-AB96DB7C89EC}.Release|Any CPU.ActiveCfg = Release|Any CPU
		{23B5DC61-F78E-42A5-9AA8-AB96DB7C89EC}.Release|Any CPU.Build.0 = Release|Any CPU
		{F3335D07-6BCE-455C-A141-DADF8192DD84}.Debug|Any CPU.ActiveCfg = Debug|Any CPU
		{F3335D07-6BCE-455C-A141-DADF8192DD84}.Debug|Any CPU.Build.0 = Debug|Any CPU
		{F3335D07-6BCE-455C-A141-DADF8192DD84}.Release|Any CPU.ActiveCfg = Release|Any CPU
		{F3335D07-6BCE-455C-A141-DADF8192DD84}.Release|Any CPU.Build.0 = Release|Any CPU
		{63DFA0D8-D60E-4985-BD46-E6A2F253E2D5}.Debug|Any CPU.ActiveCfg = Debug|Any CPU
		{63DFA0D8-D60E-4985-BD46-E6A2F253E2D5}.Debug|Any CPU.Build.0 = Debug|Any CPU
		{63DFA0D8-D60E-4985-BD46-E6A2F253E2D5}.Release|Any CPU.ActiveCfg = Release|Any CPU
		{63DFA0D8-D60E-4985-BD46-E6A2F253E2D5}.Release|Any CPU.Build.0 = Release|Any CPU
		{612DA557-6D26-485A-A998-AAABEC1F796B}.Debug|Any CPU.ActiveCfg = Debug|Any CPU
		{612DA557-6D26-485A-A998-AAABEC1F796B}.Debug|Any CPU.Build.0 = Debug|Any CPU
		{612DA557-6D26-485A-A998-AAABEC1F796B}.Release|Any CPU.ActiveCfg = Release|Any CPU
		{612DA557-6D26-485A-A998-AAABEC1F796B}.Release|Any CPU.Build.0 = Release|Any CPU
		{E01C11ED-A212-4B57-A94B-0B4CA097AB49}.Debug|Any CPU.ActiveCfg = Debug|Any CPU
		{E01C11ED-A212-4B57-A94B-0B4CA097AB49}.Debug|Any CPU.Build.0 = Debug|Any CPU
		{E01C11ED-A212-4B57-A94B-0B4CA097AB49}.Release|Any CPU.ActiveCfg = Release|Any CPU
		{E01C11ED-A212-4B57-A94B-0B4CA097AB49}.Release|Any CPU.Build.0 = Release|Any CPU
		{BCCF74A5-CC6C-4027-9788-C9C1E6861B85}.Debug|Any CPU.ActiveCfg = Debug|Any CPU
		{BCCF74A5-CC6C-4027-9788-C9C1E6861B85}.Debug|Any CPU.Build.0 = Debug|Any CPU
		{BCCF74A5-CC6C-4027-9788-C9C1E6861B85}.Release|Any CPU.ActiveCfg = Release|Any CPU
		{BCCF74A5-CC6C-4027-9788-C9C1E6861B85}.Release|Any CPU.Build.0 = Release|Any CPU
		{FC4113D0-1607-43F2-9CBE-BC72F5E323CB}.Debug|Any CPU.ActiveCfg = Debug|Any CPU
		{FC4113D0-1607-43F2-9CBE-BC72F5E323CB}.Debug|Any CPU.Build.0 = Debug|Any CPU
		{FC4113D0-1607-43F2-9CBE-BC72F5E323CB}.Release|Any CPU.ActiveCfg = Release|Any CPU
		{FC4113D0-1607-43F2-9CBE-BC72F5E323CB}.Release|Any CPU.Build.0 = Release|Any CPU
		{340F4232-B7A0-4FD9-84D8-93EB133E6A62}.Debug|Any CPU.ActiveCfg = Debug|Any CPU
		{340F4232-B7A0-4FD9-84D8-93EB133E6A62}.Debug|Any CPU.Build.0 = Debug|Any CPU
		{340F4232-B7A0-4FD9-84D8-93EB133E6A62}.Release|Any CPU.ActiveCfg = Release|Any CPU
		{340F4232-B7A0-4FD9-84D8-93EB133E6A62}.Release|Any CPU.Build.0 = Release|Any CPU
		{818F20F6-90D9-4C15-93E5-D42671A164BD}.Debug|Any CPU.ActiveCfg = Debug|Any CPU
		{818F20F6-90D9-4C15-93E5-D42671A164BD}.Debug|Any CPU.Build.0 = Debug|Any CPU
		{818F20F6-90D9-4C15-93E5-D42671A164BD}.Release|Any CPU.ActiveCfg = Release|Any CPU
		{818F20F6-90D9-4C15-93E5-D42671A164BD}.Release|Any CPU.Build.0 = Release|Any CPU
		{DA6ABBE3-D3D8-4AC2-B39C-392CD8D19F65}.Debug|Any CPU.ActiveCfg = Debug|Any CPU
		{DA6ABBE3-D3D8-4AC2-B39C-392CD8D19F65}.Debug|Any CPU.Build.0 = Debug|Any CPU
		{DA6ABBE3-D3D8-4AC2-B39C-392CD8D19F65}.Release|Any CPU.ActiveCfg = Release|Any CPU
		{DA6ABBE3-D3D8-4AC2-B39C-392CD8D19F65}.Release|Any CPU.Build.0 = Release|Any CPU
		{1DF0A91E-67B7-45E9-85F0-99525BBD3A5B}.Debug|Any CPU.ActiveCfg = Debug|Any CPU
		{1DF0A91E-67B7-45E9-85F0-99525BBD3A5B}.Debug|Any CPU.Build.0 = Debug|Any CPU
		{1DF0A91E-67B7-45E9-85F0-99525BBD3A5B}.Release|Any CPU.ActiveCfg = Release|Any CPU
		{1DF0A91E-67B7-45E9-85F0-99525BBD3A5B}.Release|Any CPU.Build.0 = Release|Any CPU
		{F1B5BC4A-B3D1-4108-A3A0-5146330E824D}.Debug|Any CPU.ActiveCfg = Debug|Any CPU
		{F1B5BC4A-B3D1-4108-A3A0-5146330E824D}.Debug|Any CPU.Build.0 = Debug|Any CPU
		{F1B5BC4A-B3D1-4108-A3A0-5146330E824D}.Release|Any CPU.ActiveCfg = Release|Any CPU
		{F1B5BC4A-B3D1-4108-A3A0-5146330E824D}.Release|Any CPU.Build.0 = Release|Any CPU
		{FB7F9145-F929-4FA9-9298-262729608863}.Debug|Any CPU.ActiveCfg = Debug|Any CPU
		{FB7F9145-F929-4FA9-9298-262729608863}.Debug|Any CPU.Build.0 = Debug|Any CPU
		{FB7F9145-F929-4FA9-9298-262729608863}.Release|Any CPU.ActiveCfg = Release|Any CPU
		{FB7F9145-F929-4FA9-9298-262729608863}.Release|Any CPU.Build.0 = Release|Any CPU
		{B8039132-B988-4042-A45B-90ED9DAA25A1}.Debug|Any CPU.ActiveCfg = Debug|Any CPU
		{B8039132-B988-4042-A45B-90ED9DAA25A1}.Debug|Any CPU.Build.0 = Debug|Any CPU
		{B8039132-B988-4042-A45B-90ED9DAA25A1}.Release|Any CPU.ActiveCfg = Release|Any CPU
		{B8039132-B988-4042-A45B-90ED9DAA25A1}.Release|Any CPU.Build.0 = Release|Any CPU
		{496C63B8-830A-4E97-AC1F-BE6E84AE1040}.Debug|Any CPU.ActiveCfg = Debug|Any CPU
		{496C63B8-830A-4E97-AC1F-BE6E84AE1040}.Debug|Any CPU.Build.0 = Debug|Any CPU
		{496C63B8-830A-4E97-AC1F-BE6E84AE1040}.Release|Any CPU.ActiveCfg = Release|Any CPU
		{496C63B8-830A-4E97-AC1F-BE6E84AE1040}.Release|Any CPU.Build.0 = Release|Any CPU
		{271446F3-1AB0-44CF-BC5F-1547C69A985C}.Debug|Any CPU.ActiveCfg = Debug|Any CPU
		{271446F3-1AB0-44CF-BC5F-1547C69A985C}.Debug|Any CPU.Build.0 = Debug|Any CPU
		{271446F3-1AB0-44CF-BC5F-1547C69A985C}.Release|Any CPU.ActiveCfg = Release|Any CPU
		{271446F3-1AB0-44CF-BC5F-1547C69A985C}.Release|Any CPU.Build.0 = Release|Any CPU
		{3AC0521F-192D-4B1F-8741-64D4505A5AA5}.Debug|Any CPU.ActiveCfg = Debug|Any CPU
		{3AC0521F-192D-4B1F-8741-64D4505A5AA5}.Debug|Any CPU.Build.0 = Debug|Any CPU
		{3AC0521F-192D-4B1F-8741-64D4505A5AA5}.Release|Any CPU.ActiveCfg = Release|Any CPU
		{3AC0521F-192D-4B1F-8741-64D4505A5AA5}.Release|Any CPU.Build.0 = Release|Any CPU
		{C9E31675-9AD7-4EBC-9986-B64CCE869454}.Debug|Any CPU.ActiveCfg = Debug|Any CPU
		{C9E31675-9AD7-4EBC-9986-B64CCE869454}.Debug|Any CPU.Build.0 = Debug|Any CPU
		{C9E31675-9AD7-4EBC-9986-B64CCE869454}.Release|Any CPU.ActiveCfg = Release|Any CPU
		{C9E31675-9AD7-4EBC-9986-B64CCE869454}.Release|Any CPU.Build.0 = Release|Any CPU
		{D1BE29BD-9518-42DA-9A34-C86D4287BAB5}.Debug|Any CPU.ActiveCfg = Debug|Any CPU
		{D1BE29BD-9518-42DA-9A34-C86D4287BAB5}.Debug|Any CPU.Build.0 = Debug|Any CPU
		{D1BE29BD-9518-42DA-9A34-C86D4287BAB5}.Release|Any CPU.ActiveCfg = Release|Any CPU
		{D1BE29BD-9518-42DA-9A34-C86D4287BAB5}.Release|Any CPU.Build.0 = Release|Any CPU
		{CA411C82-9B2F-45B2-AF3F-8650C971E49D}.Debug|Any CPU.ActiveCfg = Debug|Any CPU
		{CA411C82-9B2F-45B2-AF3F-8650C971E49D}.Debug|Any CPU.Build.0 = Debug|Any CPU
		{CA411C82-9B2F-45B2-AF3F-8650C971E49D}.Release|Any CPU.ActiveCfg = Release|Any CPU
		{CA411C82-9B2F-45B2-AF3F-8650C971E49D}.Release|Any CPU.Build.0 = Release|Any CPU
		{2B25640E-3141-4AD1-AFDE-AFE4ADDBA45F}.Debug|Any CPU.ActiveCfg = Debug|Any CPU
		{2B25640E-3141-4AD1-AFDE-AFE4ADDBA45F}.Debug|Any CPU.Build.0 = Debug|Any CPU
		{2B25640E-3141-4AD1-AFDE-AFE4ADDBA45F}.Release|Any CPU.ActiveCfg = Release|Any CPU
		{2B25640E-3141-4AD1-AFDE-AFE4ADDBA45F}.Release|Any CPU.Build.0 = Release|Any CPU
		{F9F54FEC-23B0-4A83-B5E9-75CD476D4B22}.Debug|Any CPU.ActiveCfg = Debug|Any CPU
		{F9F54FEC-23B0-4A83-B5E9-75CD476D4B22}.Debug|Any CPU.Build.0 = Debug|Any CPU
		{F9F54FEC-23B0-4A83-B5E9-75CD476D4B22}.Release|Any CPU.ActiveCfg = Release|Any CPU
		{F9F54FEC-23B0-4A83-B5E9-75CD476D4B22}.Release|Any CPU.Build.0 = Release|Any CPU
		{C42D741B-EBCC-4770-907C-C8B980D22A65}.Debug|Any CPU.ActiveCfg = Debug|Any CPU
		{C42D741B-EBCC-4770-907C-C8B980D22A65}.Debug|Any CPU.Build.0 = Debug|Any CPU
		{C42D741B-EBCC-4770-907C-C8B980D22A65}.Release|Any CPU.ActiveCfg = Release|Any CPU
		{C42D741B-EBCC-4770-907C-C8B980D22A65}.Release|Any CPU.Build.0 = Release|Any CPU
		{51C9BA95-7731-4D53-92D3-5BF6DF4147D6}.Debug|Any CPU.ActiveCfg = Debug|Any CPU
		{51C9BA95-7731-4D53-92D3-5BF6DF4147D6}.Debug|Any CPU.Build.0 = Debug|Any CPU
		{51C9BA95-7731-4D53-92D3-5BF6DF4147D6}.Release|Any CPU.ActiveCfg = Release|Any CPU
		{51C9BA95-7731-4D53-92D3-5BF6DF4147D6}.Release|Any CPU.Build.0 = Release|Any CPU
		{C2CC0D45-CB64-4E0C-B875-6DB1667141E3}.Debug|Any CPU.ActiveCfg = Debug|Any CPU
		{C2CC0D45-CB64-4E0C-B875-6DB1667141E3}.Debug|Any CPU.Build.0 = Debug|Any CPU
		{C2CC0D45-CB64-4E0C-B875-6DB1667141E3}.Release|Any CPU.ActiveCfg = Release|Any CPU
		{C2CC0D45-CB64-4E0C-B875-6DB1667141E3}.Release|Any CPU.Build.0 = Release|Any CPU
		{6846DCBA-4D72-49DA-B4FE-70AAF5542AB2}.Debug|Any CPU.ActiveCfg = Debug|Any CPU
		{6846DCBA-4D72-49DA-B4FE-70AAF5542AB2}.Debug|Any CPU.Build.0 = Debug|Any CPU
		{6846DCBA-4D72-49DA-B4FE-70AAF5542AB2}.Release|Any CPU.ActiveCfg = Release|Any CPU
		{6846DCBA-4D72-49DA-B4FE-70AAF5542AB2}.Release|Any CPU.Build.0 = Release|Any CPU
		{6CE8740F-8561-481B-AC9F-D1E73C449235}.Debug|Any CPU.ActiveCfg = Debug|Any CPU
		{6CE8740F-8561-481B-AC9F-D1E73C449235}.Debug|Any CPU.Build.0 = Debug|Any CPU
		{6CE8740F-8561-481B-AC9F-D1E73C449235}.Release|Any CPU.ActiveCfg = Release|Any CPU
		{6CE8740F-8561-481B-AC9F-D1E73C449235}.Release|Any CPU.Build.0 = Release|Any CPU
		{ECBF1AEE-AE3A-4F81-9943-5675169DEFA7}.Debug|Any CPU.ActiveCfg = Debug|Any CPU
		{ECBF1AEE-AE3A-4F81-9943-5675169DEFA7}.Debug|Any CPU.Build.0 = Debug|Any CPU
		{ECBF1AEE-AE3A-4F81-9943-5675169DEFA7}.Release|Any CPU.ActiveCfg = Release|Any CPU
		{ECBF1AEE-AE3A-4F81-9943-5675169DEFA7}.Release|Any CPU.Build.0 = Release|Any CPU
		{62380657-23D0-0ECD-8FFE-0B1DA5461D37}.Debug|Any CPU.ActiveCfg = Debug|Any CPU
		{62380657-23D0-0ECD-8FFE-0B1DA5461D37}.Debug|Any CPU.Build.0 = Debug|Any CPU
		{62380657-23D0-0ECD-8FFE-0B1DA5461D37}.Release|Any CPU.ActiveCfg = Release|Any CPU
		{62380657-23D0-0ECD-8FFE-0B1DA5461D37}.Release|Any CPU.Build.0 = Release|Any CPU
		{D7C394CF-487D-470D-B05C-CC2DD7EC290B}.Debug|Any CPU.ActiveCfg = Debug|Any CPU
		{D7C394CF-487D-470D-B05C-CC2DD7EC290B}.Debug|Any CPU.Build.0 = Debug|Any CPU
		{D7C394CF-487D-470D-B05C-CC2DD7EC290B}.Release|Any CPU.ActiveCfg = Release|Any CPU
		{D7C394CF-487D-470D-B05C-CC2DD7EC290B}.Release|Any CPU.Build.0 = Release|Any CPU
		{69A6FE21-8FB1-4D4D-8C6B-B18C06EFF2CF}.Debug|Any CPU.ActiveCfg = Debug|Any CPU
		{69A6FE21-8FB1-4D4D-8C6B-B18C06EFF2CF}.Debug|Any CPU.Build.0 = Debug|Any CPU
		{69A6FE21-8FB1-4D4D-8C6B-B18C06EFF2CF}.Release|Any CPU.ActiveCfg = Release|Any CPU
		{69A6FE21-8FB1-4D4D-8C6B-B18C06EFF2CF}.Release|Any CPU.Build.0 = Release|Any CPU
	EndGlobalSection
	GlobalSection(SolutionProperties) = preSolution
		HideSolutionNode = FALSE
	EndGlobalSection
	GlobalSection(NestedProjects) = preSolution
		{26927D4A-62D7-43BB-8E40-173B2331BC8B} = {51AC5A23-37B9-447B-8A18-2AFF171FA253}
		{B432832E-7BB2-4D24-B910-23C65580AC9C} = {51AC5A23-37B9-447B-8A18-2AFF171FA253}
		{893C21F8-7581-4BFA-8ECB-49A685CA937C} = {51AC5A23-37B9-447B-8A18-2AFF171FA253}
		{A753BE9B-3E49-468E-84E8-A5E603DED02C} = {220036E9-322D-4D4A-BA98-21DCF111C50A}
		{CB5689EF-527A-4765-909E-C3E247B31F83} = {220036E9-322D-4D4A-BA98-21DCF111C50A}
		{B8585557-034E-4028-BFE9-80B6ABA287F3} = {220036E9-322D-4D4A-BA98-21DCF111C50A}
		{3F6C140E-EA64-424D-9214-53A677157E10} = {220036E9-322D-4D4A-BA98-21DCF111C50A}
		{FA01671E-9778-4581-9CD3-4A0651DBC7D7} = {220036E9-322D-4D4A-BA98-21DCF111C50A}
		{23B5DC61-F78E-42A5-9AA8-AB96DB7C89EC} = {51AC5A23-37B9-447B-8A18-2AFF171FA253}
		{E2C01E9C-032C-4CD2-A0DE-C1A7AB8A9C7B} = {140B7191-88E9-4EEE-9D86-9A70839F8507}
		{6E25EB9D-CA55-4DF1-8A2A-5A8A20C4B849} = {140B7191-88E9-4EEE-9D86-9A70839F8507}
		{80862789-8B42-4878-AC10-9CFF06A7313C} = {140B7191-88E9-4EEE-9D86-9A70839F8507}
		{75D24F85-48AC-4058-AF8D-461FC6A360AD} = {140B7191-88E9-4EEE-9D86-9A70839F8507}
		{9344A71B-D7EA-4C91-B303-2F8E8841B521} = {140B7191-88E9-4EEE-9D86-9A70839F8507}
		{B2028A73-6C94-4166-A0BB-22080805E351} = {140B7191-88E9-4EEE-9D86-9A70839F8507}
		{C9E31675-9AD7-4EBC-9986-B64CCE869454} = {E2C01E9C-032C-4CD2-A0DE-C1A7AB8A9C7B}
		{D1BE29BD-9518-42DA-9A34-C86D4287BAB5} = {6E25EB9D-CA55-4DF1-8A2A-5A8A20C4B849}
		{CA411C82-9B2F-45B2-AF3F-8650C971E49D} = {6E25EB9D-CA55-4DF1-8A2A-5A8A20C4B849}
		{F9F54FEC-23B0-4A83-B5E9-75CD476D4B22} = {80862789-8B42-4878-AC10-9CFF06A7313C}
		{6846DCBA-4D72-49DA-B4FE-70AAF5542AB2} = {75D24F85-48AC-4058-AF8D-461FC6A360AD}
		{6CE8740F-8561-481B-AC9F-D1E73C449235} = {B2028A73-6C94-4166-A0BB-22080805E351}
		{B184733D-2415-4517-BC65-26ED22EEB2C2} = {51A2E158-4686-4764-91D5-3CDDD06280D4}
		{D7C394CF-487D-470D-B05C-CC2DD7EC290B} = {220036E9-322D-4D4A-BA98-21DCF111C50A}
	EndGlobalSection
	GlobalSection(ExtensibilityGlobals) = postSolution
		SolutionGuid = {FF634A51-3CA4-4FB3-A8ED-71C403516166}
	EndGlobalSection
EndGlobal
