
Microsoft Visual Studio Solution File, Format Version 12.00
# Visual Studio Version 17
VisualStudioVersion = 17.0.29613.14
MinimumVisualStudioVersion = 10.0.40219.1
Project("{2150E333-8FDC-42A3-9474-1A3956D46DE8}") = "Tests", "Tests", "{51AC5A23-37B9-447B-8A18-2AFF171FA253}"
EndProject
Project("{9A19103F-16F7-4668-BE54-9A1E7A4F7556}") = "Genocs.Core", "src\Genocs.Core\Genocs.Core.csproj", "{6B284623-DDB5-44A6-807E-96293E622027}"
EndProject
Project("{9A19103F-16F7-4668-BE54-9A1E7A4F7556}") = "Genocs.Core.UnitTests", "src\Genocs.Core.UnitTests\Genocs.Core.UnitTests.csproj", "{26927D4A-62D7-43BB-8E40-173B2331BC8B}"
EndProject
Project("{9A19103F-16F7-4668-BE54-9A1E7A4F7556}") = "Genocs.Persistence.MongoDb", "src\Genocs.Persistence.MongoDb\Genocs.Persistence.MongoDb.csproj", "{43604E79-FEA7-4A53-B2E9-C1D6FE30F8E5}"
EndProject
Project("{9A19103F-16F7-4668-BE54-9A1E7A4F7556}") = "Genocs.Persistence.MongoDb.UnitTests", "src\Genocs.Persistence.MongoDb.UnitTests\Genocs.Persistence.MongoDb.UnitTests.csproj", "{B432832E-7BB2-4D24-B910-23C65580AC9C}"
EndProject
Project("{9A19103F-16F7-4668-BE54-9A1E7A4F7556}") = "Genocs.ServiceBusAzure", "src\Genocs.ServiceBusAzure\Genocs.ServiceBusAzure.csproj", "{EF2A0B5B-40E6-48A1-B8BC-A539295BE24C}"
EndProject
Project("{2150E333-8FDC-42A3-9474-1A3956D46DE8}") = "Demo", "Demo", "{220036E9-322D-4D4A-BA98-21DCF111C50A}"
EndProject
Project("{9A19103F-16F7-4668-BE54-9A1E7A4F7556}") = "Genocs.ServiceBusAzure.UnitTests", "src\Genocs.ServiceBusAzure.UnitTests\Genocs.ServiceBusAzure.UnitTests.csproj", "{893C21F8-7581-4BFA-8ECB-49A685CA937C}"
EndProject
Project("{9A19103F-16F7-4668-BE54-9A1E7A4F7556}") = "Genocs.Core.Demo.WebApi", "src\Genocs.Core.Demo.WebApi\Genocs.Core.Demo.WebApi.csproj", "{A753BE9B-3E49-468E-84E8-A5E603DED02C}"
EndProject
Project("{9A19103F-16F7-4668-BE54-9A1E7A4F7556}") = "Genocs.Core.Demo.Worker", "src\Genocs.Core.Demo.Worker\Genocs.Core.Demo.Worker.csproj", "{CB5689EF-527A-4765-909E-C3E247B31F83}"
EndProject
Project("{9A19103F-16F7-4668-BE54-9A1E7A4F7556}") = "Genocs.Core.Demo.Contracts", "src\Genocs.Core.Demo.Contracts\Genocs.Core.Demo.Contracts.csproj", "{B8585557-034E-4028-BFE9-80B6ABA287F3}"
EndProject
Project("{9A19103F-16F7-4668-BE54-9A1E7A4F7556}") = "Genocs.Core.Demo.Domain", "src\Genocs.Core.Demo.Domain\Genocs.Core.Demo.Domain.csproj", "{3F6C140E-EA64-424D-9214-53A677157E10}"
EndProject
Project("{9A19103F-16F7-4668-BE54-9A1E7A4F7556}") = "Genocs.Core.Demo.Infrastructure", "src\Genocs.Core.Demo.Infrastructure\Genocs.Core.Demo.Infrastructure.csproj", "{FA01671E-9778-4581-9CD3-4A0651DBC7D7}"
EndProject
Project("{9A19103F-16F7-4668-BE54-9A1E7A4F7556}") = "Genocs.Monitoring", "src\Genocs.Monitoring\Genocs.Monitoring.csproj", "{14F46B52-6C3E-40CC-A18F-1A1E8FA9E6F3}"
EndProject
Project("{9A19103F-16F7-4668-BE54-9A1E7A4F7556}") = "Genocs.QueryBuilder", "src\Genocs.QueryBuilder\Genocs.QueryBuilder.csproj", "{2F9F9EF1-031D-433A-816D-49372AAAAC66}"
EndProject
Project("{9A19103F-16F7-4668-BE54-9A1E7A4F7556}") = "Genocs.QueryBuilder.UnitTests", "src\Genocs.QueryBuilder.UnitTests\Genocs.QueryBuilder.UnitTests.csproj", "{23B5DC61-F78E-42A5-9AA8-AB96DB7C89EC}"
EndProject
Project("{2150E333-8FDC-42A3-9474-1A3956D46DE8}") = "_Solution Items", "_Solution Items", "{51A2E158-4686-4764-91D5-3CDDD06280D4}"
	ProjectSection(SolutionItems) = preProject
		docker-compose.yml = docker-compose.yml
		README.md = README.md
		webapi.dockerfile = webapi.dockerfile
		worker.dockerfile = worker.dockerfile
	EndProjectSection
EndProject
Project("{9A19103F-16F7-4668-BE54-9A1E7A4F7556}") = "Genocs.HTTP", "src\Genocs.HTTP\Genocs.HTTP.csproj", "{F3335D07-6BCE-455C-A141-DADF8192DD84}"
EndProject
Project("{9A19103F-16F7-4668-BE54-9A1E7A4F7556}") = "Genocs.APIGateway", "src\Genocs.APIGateway\Genocs.APIGateway.csproj", "{C914CD75-6F11-478F-A329-0A6572508338}"
EndProject
Project("{9A19103F-16F7-4668-BE54-9A1E7A4F7556}") = "Genocs.Auth", "src\Genocs.Auth\Genocs.Auth.csproj", "{63DFA0D8-D60E-4985-BD46-E6A2F253E2D5}"
EndProject
Project("{9A19103F-16F7-4668-BE54-9A1E7A4F7556}") = "Genocs.Core.Demo.Users.WebApi", "src\Genocs.Core.Demo.Users.WebApi\Genocs.Core.Demo.Users.WebApi.csproj", "{23CDFDAC-1611-478B-8EA9-922663C1D05C}"
EndProject
Project("{2150E333-8FDC-42A3-9474-1A3956D46DE8}") = "UsersService", "UsersService", "{6E25EB9D-CA55-4DF1-8A2A-5A8A20C4B849}"
EndProject
Project("{9A19103F-16F7-4668-BE54-9A1E7A4F7556}") = "Genocs.Core.Demo.Users.Application", "src\Genocs.Core.Demo.Users.Application\Genocs.Core.Demo.Users.Application.csproj", "{5C7CCDC7-55E3-4489-ACA4-DC1FEBFC1C19}"
EndProject
Project("{9A19103F-16F7-4668-BE54-9A1E7A4F7556}") = "Genocs.WebApi", "src\Genocs.WebApi\Genocs.WebApi.csproj", "{612DA557-6D26-485A-A998-AAABEC1F796B}"
EndProject
Project("{FAE04EC0-301F-11D3-BF4B-00C04F79EFBC}") = "Genocs.WebApi.Swagger", "src\Genocs.WebApi.Swagger\Genocs.WebApi.Swagger.csproj", "{E01C11ED-A212-4B57-A94B-0B4CA097AB49}"
EndProject
Global
	GlobalSection(SolutionConfigurationPlatforms) = preSolution
		Debug|Any CPU = Debug|Any CPU
		Release|Any CPU = Release|Any CPU
	EndGlobalSection
	GlobalSection(ProjectConfigurationPlatforms) = postSolution
		{6B284623-DDB5-44A6-807E-96293E622027}.Debug|Any CPU.ActiveCfg = Debug|Any CPU
		{6B284623-DDB5-44A6-807E-96293E622027}.Debug|Any CPU.Build.0 = Debug|Any CPU
		{6B284623-DDB5-44A6-807E-96293E622027}.Release|Any CPU.ActiveCfg = Release|Any CPU
		{6B284623-DDB5-44A6-807E-96293E622027}.Release|Any CPU.Build.0 = Release|Any CPU
		{26927D4A-62D7-43BB-8E40-173B2331BC8B}.Debug|Any CPU.ActiveCfg = Debug|Any CPU
		{26927D4A-62D7-43BB-8E40-173B2331BC8B}.Debug|Any CPU.Build.0 = Debug|Any CPU
		{26927D4A-62D7-43BB-8E40-173B2331BC8B}.Release|Any CPU.ActiveCfg = Release|Any CPU
		{26927D4A-62D7-43BB-8E40-173B2331BC8B}.Release|Any CPU.Build.0 = Release|Any CPU
		{43604E79-FEA7-4A53-B2E9-C1D6FE30F8E5}.Debug|Any CPU.ActiveCfg = Debug|Any CPU
		{43604E79-FEA7-4A53-B2E9-C1D6FE30F8E5}.Debug|Any CPU.Build.0 = Debug|Any CPU
		{43604E79-FEA7-4A53-B2E9-C1D6FE30F8E5}.Release|Any CPU.ActiveCfg = Release|Any CPU
		{43604E79-FEA7-4A53-B2E9-C1D6FE30F8E5}.Release|Any CPU.Build.0 = Release|Any CPU
		{B432832E-7BB2-4D24-B910-23C65580AC9C}.Debug|Any CPU.ActiveCfg = Debug|Any CPU
		{B432832E-7BB2-4D24-B910-23C65580AC9C}.Debug|Any CPU.Build.0 = Debug|Any CPU
		{B432832E-7BB2-4D24-B910-23C65580AC9C}.Release|Any CPU.ActiveCfg = Release|Any CPU
		{B432832E-7BB2-4D24-B910-23C65580AC9C}.Release|Any CPU.Build.0 = Release|Any CPU
		{EF2A0B5B-40E6-48A1-B8BC-A539295BE24C}.Debug|Any CPU.ActiveCfg = Debug|Any CPU
		{EF2A0B5B-40E6-48A1-B8BC-A539295BE24C}.Debug|Any CPU.Build.0 = Debug|Any CPU
		{EF2A0B5B-40E6-48A1-B8BC-A539295BE24C}.Release|Any CPU.ActiveCfg = Release|Any CPU
		{EF2A0B5B-40E6-48A1-B8BC-A539295BE24C}.Release|Any CPU.Build.0 = Release|Any CPU
		{893C21F8-7581-4BFA-8ECB-49A685CA937C}.Debug|Any CPU.ActiveCfg = Debug|Any CPU
		{893C21F8-7581-4BFA-8ECB-49A685CA937C}.Debug|Any CPU.Build.0 = Debug|Any CPU
		{893C21F8-7581-4BFA-8ECB-49A685CA937C}.Release|Any CPU.ActiveCfg = Release|Any CPU
		{893C21F8-7581-4BFA-8ECB-49A685CA937C}.Release|Any CPU.Build.0 = Release|Any CPU
		{A753BE9B-3E49-468E-84E8-A5E603DED02C}.Debug|Any CPU.ActiveCfg = Debug|Any CPU
		{A753BE9B-3E49-468E-84E8-A5E603DED02C}.Debug|Any CPU.Build.0 = Debug|Any CPU
		{A753BE9B-3E49-468E-84E8-A5E603DED02C}.Release|Any CPU.ActiveCfg = Release|Any CPU
		{A753BE9B-3E49-468E-84E8-A5E603DED02C}.Release|Any CPU.Build.0 = Release|Any CPU
		{CB5689EF-527A-4765-909E-C3E247B31F83}.Debug|Any CPU.ActiveCfg = Debug|Any CPU
		{CB5689EF-527A-4765-909E-C3E247B31F83}.Debug|Any CPU.Build.0 = Debug|Any CPU
		{CB5689EF-527A-4765-909E-C3E247B31F83}.Release|Any CPU.ActiveCfg = Release|Any CPU
		{CB5689EF-527A-4765-909E-C3E247B31F83}.Release|Any CPU.Build.0 = Release|Any CPU
		{B8585557-034E-4028-BFE9-80B6ABA287F3}.Debug|Any CPU.ActiveCfg = Debug|Any CPU
		{B8585557-034E-4028-BFE9-80B6ABA287F3}.Debug|Any CPU.Build.0 = Debug|Any CPU
		{B8585557-034E-4028-BFE9-80B6ABA287F3}.Release|Any CPU.ActiveCfg = Release|Any CPU
		{B8585557-034E-4028-BFE9-80B6ABA287F3}.Release|Any CPU.Build.0 = Release|Any CPU
		{3F6C140E-EA64-424D-9214-53A677157E10}.Debug|Any CPU.ActiveCfg = Debug|Any CPU
		{3F6C140E-EA64-424D-9214-53A677157E10}.Debug|Any CPU.Build.0 = Debug|Any CPU
		{3F6C140E-EA64-424D-9214-53A677157E10}.Release|Any CPU.ActiveCfg = Release|Any CPU
		{3F6C140E-EA64-424D-9214-53A677157E10}.Release|Any CPU.Build.0 = Release|Any CPU
		{FA01671E-9778-4581-9CD3-4A0651DBC7D7}.Debug|Any CPU.ActiveCfg = Debug|Any CPU
		{FA01671E-9778-4581-9CD3-4A0651DBC7D7}.Debug|Any CPU.Build.0 = Debug|Any CPU
		{FA01671E-9778-4581-9CD3-4A0651DBC7D7}.Release|Any CPU.ActiveCfg = Release|Any CPU
		{FA01671E-9778-4581-9CD3-4A0651DBC7D7}.Release|Any CPU.Build.0 = Release|Any CPU
		{14F46B52-6C3E-40CC-A18F-1A1E8FA9E6F3}.Debug|Any CPU.ActiveCfg = Debug|Any CPU
		{14F46B52-6C3E-40CC-A18F-1A1E8FA9E6F3}.Debug|Any CPU.Build.0 = Debug|Any CPU
		{14F46B52-6C3E-40CC-A18F-1A1E8FA9E6F3}.Release|Any CPU.ActiveCfg = Release|Any CPU
		{14F46B52-6C3E-40CC-A18F-1A1E8FA9E6F3}.Release|Any CPU.Build.0 = Release|Any CPU
		{2F9F9EF1-031D-433A-816D-49372AAAAC66}.Debug|Any CPU.ActiveCfg = Debug|Any CPU
		{2F9F9EF1-031D-433A-816D-49372AAAAC66}.Debug|Any CPU.Build.0 = Debug|Any CPU
		{2F9F9EF1-031D-433A-816D-49372AAAAC66}.Release|Any CPU.ActiveCfg = Release|Any CPU
		{2F9F9EF1-031D-433A-816D-49372AAAAC66}.Release|Any CPU.Build.0 = Release|Any CPU
		{23B5DC61-F78E-42A5-9AA8-AB96DB7C89EC}.Debug|Any CPU.ActiveCfg = Debug|Any CPU
		{23B5DC61-F78E-42A5-9AA8-AB96DB7C89EC}.Debug|Any CPU.Build.0 = Debug|Any CPU
		{23B5DC61-F78E-42A5-9AA8-AB96DB7C89EC}.Release|Any CPU.ActiveCfg = Release|Any CPU
		{23B5DC61-F78E-42A5-9AA8-AB96DB7C89EC}.Release|Any CPU.Build.0 = Release|Any CPU
		{F3335D07-6BCE-455C-A141-DADF8192DD84}.Debug|Any CPU.ActiveCfg = Debug|Any CPU
		{F3335D07-6BCE-455C-A141-DADF8192DD84}.Debug|Any CPU.Build.0 = Debug|Any CPU
		{F3335D07-6BCE-455C-A141-DADF8192DD84}.Release|Any CPU.ActiveCfg = Release|Any CPU
		{F3335D07-6BCE-455C-A141-DADF8192DD84}.Release|Any CPU.Build.0 = Release|Any CPU
		{C914CD75-6F11-478F-A329-0A6572508338}.Debug|Any CPU.ActiveCfg = Debug|Any CPU
		{C914CD75-6F11-478F-A329-0A6572508338}.Debug|Any CPU.Build.0 = Debug|Any CPU
		{C914CD75-6F11-478F-A329-0A6572508338}.Release|Any CPU.ActiveCfg = Release|Any CPU
		{C914CD75-6F11-478F-A329-0A6572508338}.Release|Any CPU.Build.0 = Release|Any CPU
		{63DFA0D8-D60E-4985-BD46-E6A2F253E2D5}.Debug|Any CPU.ActiveCfg = Debug|Any CPU
		{63DFA0D8-D60E-4985-BD46-E6A2F253E2D5}.Debug|Any CPU.Build.0 = Debug|Any CPU
		{63DFA0D8-D60E-4985-BD46-E6A2F253E2D5}.Release|Any CPU.ActiveCfg = Release|Any CPU
		{63DFA0D8-D60E-4985-BD46-E6A2F253E2D5}.Release|Any CPU.Build.0 = Release|Any CPU
		{23CDFDAC-1611-478B-8EA9-922663C1D05C}.Debug|Any CPU.ActiveCfg = Debug|Any CPU
		{23CDFDAC-1611-478B-8EA9-922663C1D05C}.Debug|Any CPU.Build.0 = Debug|Any CPU
		{23CDFDAC-1611-478B-8EA9-922663C1D05C}.Release|Any CPU.ActiveCfg = Release|Any CPU
		{23CDFDAC-1611-478B-8EA9-922663C1D05C}.Release|Any CPU.Build.0 = Release|Any CPU
		{5C7CCDC7-55E3-4489-ACA4-DC1FEBFC1C19}.Debug|Any CPU.ActiveCfg = Debug|Any CPU
		{5C7CCDC7-55E3-4489-ACA4-DC1FEBFC1C19}.Debug|Any CPU.Build.0 = Debug|Any CPU
		{5C7CCDC7-55E3-4489-ACA4-DC1FEBFC1C19}.Release|Any CPU.ActiveCfg = Release|Any CPU
		{5C7CCDC7-55E3-4489-ACA4-DC1FEBFC1C19}.Release|Any CPU.Build.0 = Release|Any CPU
		{612DA557-6D26-485A-A998-AAABEC1F796B}.Debug|Any CPU.ActiveCfg = Debug|Any CPU
		{612DA557-6D26-485A-A998-AAABEC1F796B}.Debug|Any CPU.Build.0 = Debug|Any CPU
		{612DA557-6D26-485A-A998-AAABEC1F796B}.Release|Any CPU.ActiveCfg = Release|Any CPU
		{612DA557-6D26-485A-A998-AAABEC1F796B}.Release|Any CPU.Build.0 = Release|Any CPU
		{E01C11ED-A212-4B57-A94B-0B4CA097AB49}.Debug|Any CPU.ActiveCfg = Debug|Any CPU
		{E01C11ED-A212-4B57-A94B-0B4CA097AB49}.Debug|Any CPU.Build.0 = Debug|Any CPU
		{E01C11ED-A212-4B57-A94B-0B4CA097AB49}.Release|Any CPU.ActiveCfg = Release|Any CPU
		{E01C11ED-A212-4B57-A94B-0B4CA097AB49}.Release|Any CPU.Build.0 = Release|Any CPU
	EndGlobalSection
	GlobalSection(SolutionProperties) = preSolution
		HideSolutionNode = FALSE
	EndGlobalSection
	GlobalSection(NestedProjects) = preSolution
		{26927D4A-62D7-43BB-8E40-173B2331BC8B} = {51AC5A23-37B9-447B-8A18-2AFF171FA253}
		{B432832E-7BB2-4D24-B910-23C65580AC9C} = {51AC5A23-37B9-447B-8A18-2AFF171FA253}
		{893C21F8-7581-4BFA-8ECB-49A685CA937C} = {51AC5A23-37B9-447B-8A18-2AFF171FA253}
		{A753BE9B-3E49-468E-84E8-A5E603DED02C} = {220036E9-322D-4D4A-BA98-21DCF111C50A}
		{CB5689EF-527A-4765-909E-C3E247B31F83} = {220036E9-322D-4D4A-BA98-21DCF111C50A}
		{B8585557-034E-4028-BFE9-80B6ABA287F3} = {220036E9-322D-4D4A-BA98-21DCF111C50A}
		{3F6C140E-EA64-424D-9214-53A677157E10} = {220036E9-322D-4D4A-BA98-21DCF111C50A}
		{FA01671E-9778-4581-9CD3-4A0651DBC7D7} = {220036E9-322D-4D4A-BA98-21DCF111C50A}
		{23B5DC61-F78E-42A5-9AA8-AB96DB7C89EC} = {51AC5A23-37B9-447B-8A18-2AFF171FA253}
		{23CDFDAC-1611-478B-8EA9-922663C1D05C} = {6E25EB9D-CA55-4DF1-8A2A-5A8A20C4B849}
		{6E25EB9D-CA55-4DF1-8A2A-5A8A20C4B849} = {220036E9-322D-4D4A-BA98-21DCF111C50A}
		{5C7CCDC7-55E3-4489-ACA4-DC1FEBFC1C19} = {6E25EB9D-CA55-4DF1-8A2A-5A8A20C4B849}
	EndGlobalSection
	GlobalSection(ExtensibilityGlobals) = postSolution
		SolutionGuid = {FF634A51-3CA4-4FB3-A8ED-71C403516166}
	EndGlobalSection
EndGlobal
