{
  "version": 1,
  "dependencies": {
    "net10.0": {
      "MassTransit.RabbitMQ": {
        "type": "Direct",
        "requested": "[8.5.8, 8.5.8]",
        "resolved": "8.5.8",
        "contentHash": "Ds7qUC0top6Ncg9I5JdRnSeM+mVqkass2D59QR9/97rg9tkqI9Xh4faMYmmJTY7vh9ixfMwt1LHf0PzsFpGO1g==",
        "dependencies": {
          "MassTransit": "8.5.8",
          "RabbitMQ.Client": "7.2.0"
        }
      },
      "Roslynator.Analyzers": {
        "type": "Direct",
        "requested": "[5.0.0, )",
        "resolved": "5.0.0",
        "contentHash": "+J5kR/naCd62IwY2BG9P0QoHnJM8liBUFFAk6jga1t9s61JC3M+ofb3AY3wc73/pdROyKFCURqctQh8WRCIT/w=="
      },
      "StyleCop.Analyzers": {
        "type": "Direct",
        "requested": "[1.2.0-beta.556, )",
        "resolved": "1.2.0-beta.556",
        "contentHash": "llRPgmA1fhC0I0QyFLEcjvtM2239QzKr/tcnbsjArLMJxJlu0AA5G7Fft0OI30pHF3MW63Gf4aSSsjc5m82J1Q==",
        "dependencies": {
          "StyleCop.Analyzers.Unstable": "1.2.0.556"
        }
      },
      "Ardalis.Specification": {
        "type": "Transitive",
        "resolved": "9.3.1",
        "contentHash": "GWrE6BA0smWFLbN+XPU2l5rDF9Uzelfbb3w35jJ0CGIat+p1ChbtLcbkvYRMEculBHOAo12omwAAOm3VFWkoJQ=="
      },
      "Ardalis.Specification.EntityFrameworkCore": {
        "type": "Transitive",
        "resolved": "9.3.1",
        "contentHash": "QbOo4E6HWdKXZ9QUrqcgiGN4EKtzt0kzGzqr2zc32q5QESzBrceJ3GX1ymWVdCCOzJO1+GPm+/a/5ovSkfrLoQ==",
        "dependencies": {
          "Ardalis.Specification": "9.3.1",
          "Microsoft.EntityFrameworkCore": "9.0.8",
          "Microsoft.EntityFrameworkCore.Relational": "9.0.8"
        }
      },
      "Azure.Core": {
        "type": "Transitive",
        "resolved": "1.61.0",
        "contentHash": "sns4J9zz7NCpfNYz9rMIly5/TjDkNsTnPAr4nNr0BUBzn6tn6RNOEHOKb7A7DhJj/dEFMSevp3Ye36cUiNmsfg==",
        "dependencies": {
          "Microsoft.Bcl.AsyncInterfaces": "10.0.9",
          "Microsoft.Identity.Client": "4.84.2",
          "Microsoft.Identity.Client.Extensions.Msal": "4.84.2",
          "System.ClientModel": "1.15.0",
          "System.Memory.Data": "10.0.9"
        }
      },
      "Azure.Extensions.AspNetCore.Configuration.Secrets": {
        "type": "Transitive",
        "resolved": "1.5.2",
        "contentHash": "VWmWO1Wij7sGNpDk42DkzriVTZwFG6STI0+bbWoZMOSoaodi3bsOvgznrGooaxpkjtYNLDweM517jqnAiE1cHA==",
        "dependencies": {
          "Azure.Core": "1.61.0",
          "Azure.Security.KeyVault.Secrets": "4.11.0"
        }
      },
      "Azure.Identity": {
        "type": "Transitive",
        "resolved": "1.21.0",
        "contentHash": "GeFv8sGwRKvDKwI2WFy8r0mhmlxEVZg24Sit2NogTjiSO8RVjllWM65OT6e1sKjOvG8V74y7hAbaELUUPjZQSw==",
        "dependencies": {
          "Azure.Core": "1.53.0"
        }
      },
      "Azure.Monitor.OpenTelemetry.Exporter": {
        "type": "Transitive",
        "resolved": "1.8.3",
        "contentHash": "hZ35hXxiRuJcT67u970iqqJ+z2ol3Sg23/m1wwNNh8uzK/48uB9iJ3va9PQ7gXn6kij6wzowUe5olPPfObkEug==",
        "dependencies": {
          "Azure.Core": "1.60.0",
          "OpenTelemetry.Extensions.Hosting": "1.15.3",
          "OpenTelemetry.PersistentStorage.FileSystem": "1.0.3"
        }
      },
      "Azure.Security.KeyVault.Secrets": {
        "type": "Transitive",
        "resolved": "4.11.0",
        "contentHash": "tjpVczILiXTR9bEynSL1JBU80169hGnTECtGsFjnRz9E1xoIhfUsaUTnB79k995zDkOG61hOI+YBtf5bNqgRIQ==",
        "dependencies": {
          "Azure.Core": "1.54.0"
        }
      },
      "Dapper": {
        "type": "Transitive",
        "resolved": "2.1.79",
        "contentHash": "8YijbzgTfmqmQOnVNorYM6K++pxqnW3nJ4aC1sRHzxUA2CcuoJ9gsTem3kgBnPRMc38zZHl4Esb6hAezXIEEuw=="
      },
      "DnsClient": {
        "type": "Transitive",
        "resolved": "1.6.1",
        "contentHash": "4H/f2uYJOZ+YObZjpY9ABrKZI+JNw3uizp6oMzTXwDw6F+2qIPhpRl/1t68O/6e98+vqNiYGu+lswmwdYUy3gg=="
      },
      "Elasticsearch.Net": {
        "type": "Transitive",
        "resolved": "7.17.5",
        "contentHash": "orChsQi1Ceho/NyIylNOn6y4vuGcsbCfMZnCueNN0fzqYEGQmQdPfcVmsR5+3fwpXTgxCdjTUVmqOwvHpCSB+Q=="
      },
      "Finbuckle.MultiTenant": {
        "type": "Transitive",
        "resolved": "9.4.12",
        "contentHash": "BGOjRwwjCK0cxIJzM8aeJAys/13H1kuld3uulV1d94QB4hhjzQzPuoqhl5pIZepex6Ujv8LklsT8k/rfAdHyQQ=="
      },
      "Finbuckle.MultiTenant.AspNetCore": {
        "type": "Transitive",
        "resolved": "9.4.12",
        "contentHash": "04gklkzm0FfqLyR4F6qitRB6ePUhWGi+qp3ZgvlibM+VhlbTdK+Cu4Bn1gzYwSeqWxJFM6g14qumRmNp1X+LGg==",
        "dependencies": {
          "Finbuckle.MultiTenant": "9.4.12",
          "Microsoft.AspNetCore.Authentication.OpenIdConnect": "9.0.19"
        }
      },
      "Finbuckle.MultiTenant.EntityFrameworkCore": {
        "type": "Transitive",
        "resolved": "9.4.12",
        "contentHash": "KMfRGFpXiL7dQ9NHOHV20PNrVofZnS2AhO0epWg3CJCajgFm49r41YUSz3U8zJIx/8FFa8NX1Lq9d+bD5yt7LQ==",
        "dependencies": {
          "Finbuckle.MultiTenant": "9.4.12",
          "Microsoft.AspNetCore.Identity.EntityFrameworkCore": "9.0.19",
          "Microsoft.EntityFrameworkCore.Relational": "9.0.19"
        }
      },
      "FluentValidation": {
        "type": "Transitive",
        "resolved": "12.1.1",
        "contentHash": "EPpkIe1yh1a0OXyC100oOA8WMbZvqUu5plwhvYcb7oSELfyUZzfxV48BLhvs3kKo4NwG7MGLNgy1RJiYtT8Dpw=="
      },
      "FluentValidation.DependencyInjectionExtensions": {
        "type": "Transitive",
        "resolved": "12.1.1",
        "contentHash": "D0VXh4dtjjX2aQizuaa0g6R8X3U1JaVqJPfGCvLwZX9t/O2h7tkpbitbadQMfwcgSPdDbI2vDxuwRMv/Uf9dHA==",
        "dependencies": {
          "FluentValidation": "12.1.1"
        }
      },
      "FSharp.Core": {
        "type": "Transitive",
        "resolved": "10.1.301",
        "contentHash": "excLf2zM/qUB3WhRUfI0xvOOaPwcRAEdYT/BXe9eiTKySnWVuIKMQTf5+6ETy5nsb1dpLp1s2j2yAM/XcRgFMg=="
      },
      "Google.Protobuf": {
        "type": "Transitive",
        "resolved": "3.30.1",
        "contentHash": "HeWXDQBabQn/sCGicbeLJ0HMunknfC4FdLrOQOsaMJHcpqx3HVIpyyJqTrqJlWnza870twhOb+rBcaTiC/TlNA=="
      },
      "Grpc.Core.Api": {
        "type": "Transitive",
        "resolved": "2.70.0",
        "contentHash": "66UotvWcSIq41oiQhLWcQACyKPM4umxXNiht5DQTLZJfNwEswWOcS7Z0xIEHyNIBE7ZpjotH22bEjTkvhPxmVw=="
      },
      "Grpc.Net.Client": {
        "type": "Transitive",
        "resolved": "2.70.0",
        "contentHash": "xNv0FFCVJa5S1beUtye82WFCxKThuE1jbN8DO1x1Rj8VSIWXLBUmfSID5a1fGzsU2R/EMfwPoWclJ2RMfQuGXw==",
        "dependencies": {
          "Grpc.Net.Common": "2.70.0"
        }
      },
      "Grpc.Net.Common": {
        "type": "Transitive",
        "resolved": "2.70.0",
        "contentHash": "rBdEUMyCwa+iB8mqC6JKyPbj3SBHHkReJj/yy/XKJI63GcG6w9DJMMGTVcYHqq4Ci2W4m0HT4jt2pFfFscar8g==",
        "dependencies": {
          "Grpc.Core.Api": "2.70.0"
        }
      },
      "Mapster": {
        "type": "Transitive",
        "resolved": "10.0.12",
        "contentHash": "ap0sVf4YxqYVSj2wafyrknuj2hWkWhpSm+SXTvrOQlc2vLG7u51dJ8GazaSHLLG6saHN5uPCBeP+YIqXS0a1vg==",
        "dependencies": {
          "Mapster.Core": "10.0.12"
        }
      },
      "Mapster.Core": {
        "type": "Transitive",
        "resolved": "10.0.12",
        "contentHash": "iLPB0xAzxMWKhbBjWb4ZdQMV/TNEuZafDOoONhtDjBD4bEmf6BwcZt2v0MHhS7xbjwi1JUR266XMarfEs9BUIw=="
      },
      "MassTransit": {
        "type": "Transitive",
        "resolved": "8.5.8",
        "contentHash": "O5bx+rziwwjLnar/9R6HTSL3Q++SOX20sufGIuXCKh7aowQ+4XGbhpVdaSYuTV7H0ndIomK24d2/vX3rlsSHng==",
        "dependencies": {
          "MassTransit.Abstractions": "8.5.8"
        }
      },
      "MassTransit.Abstractions": {
        "type": "Transitive",
        "resolved": "8.5.8",
        "contentHash": "f1XJz88+JZNLl1iHWSGNoD91ownowoP4Vl+2DmVM7ljAxQebvolVKdlyY+iZBSdODCeyLGCcM9jrfZXWkDHtow=="
      },
      "MediatR": {
        "type": "Transitive",
        "resolved": "14.2.0",
        "contentHash": "1vqNVS6ijU0IF78vDfIE99pi0iTa+M/1ztRlM98P+KL+Loi/O4knaR2+ex0AqbT5xBl01VFryjuYUAFtvGwzOQ==",
        "dependencies": {
          "MediatR.Contracts": "[2.0.1, 3.0.0)",
          "Microsoft.IdentityModel.JsonWebTokens": "8.14.0"
        }
      },
      "MediatR.Contracts": {
        "type": "Transitive",
        "resolved": "2.0.1",
        "contentHash": "FYv95bNT4UwcNA+G/J1oX5OpRiSUxteXaUt2BJbRSdRNiIUNbggJF69wy6mnk2wYToaanpdXZdCwVylt96MpwQ=="
      },
      "Microsoft.ApplicationInsights": {
        "type": "Transitive",
        "resolved": "2.23.0",
        "contentHash": "nWArUZTdU7iqZLycLKWe0TDms48KKGE6pONH2terYNa8REXiqixrMOkf1sk5DHGMaUTqONU2YkS4SAXBhLStgw=="
      },
      "Microsoft.AspNetCore.Authentication.Certificate": {
        "type": "Transitive",
        "resolved": "10.0.11",
        "contentHash": "hmPAlDoWBRAR/9eARJa5zNOl+mce4eLRqvskWQ2Li77AMeqacmdPJEV/9mVHWXqP+/n8PvY7YZiHGtQS9dieEQ=="
      },
      "Microsoft.AspNetCore.Authentication.JwtBearer": {
        "type": "Transitive",
        "resolved": "10.0.11",
        "contentHash": "Dy9yElSej0rVQL8LBpCLatWTKXNH6h6VBVFmGndTCf1Wge0jSvH9U8mml6ddVDAQ089q1/fDYlhyukHSgx8unQ==",
        "dependencies": {
          "Microsoft.IdentityModel.Protocols.OpenIdConnect": "8.19.2"
        }
      },
      "Microsoft.AspNetCore.Authentication.OpenIdConnect": {
        "type": "Transitive",
        "resolved": "9.0.19",
        "contentHash": "vYSciCRjUlxaxcW8bvBfSGe/OKZsA8foDvM7d2SM4blzSbF8Hk0aIZeHkZkM+AV1IfOKKPPl07U8k1fmwrzrIA==",
        "dependencies": {
          "Microsoft.IdentityModel.Protocols.OpenIdConnect": "8.19.2"
        }
      },
      "Microsoft.AspNetCore.Identity.EntityFrameworkCore": {
        "type": "Transitive",
        "resolved": "9.0.19",
        "contentHash": "kKdAyfhh68Xg9UAH9v5Mh48HgNlRehmN1twBuxjqDcTqQi8kBftUY+qtAmC8PyLOpSbckbGzjXv/VvvRqKRLYw==",
        "dependencies": {
          "Microsoft.EntityFrameworkCore.Relational": "9.0.19"
        }
      },
      "Microsoft.Bcl.AsyncInterfaces": {
        "type": "Transitive",
        "resolved": "10.0.9",
        "contentHash": "Aq7M8lG6BrHeatqKqncVm9m55ec34k6nnfPRLe/PvGg+b/pAsRM2ejofeKmCLjTXMa+5NGXm382f8CG/D5WDow=="
      },
      "Microsoft.Bcl.Cryptography": {
        "type": "Transitive",
        "resolved": "10.0.2",
        "contentHash": "LG9Yll3B5aNpxv0+D47g6LiOiKBIlodhcHdQwcYzo8VeexFLGqx5ymetmA2aBRyo9cCcWsQWrFsdbsr8LvmWDw=="
      },
      "Microsoft.Data.SqlClient": {
        "type": "Transitive",
        "resolved": "6.1.6",
        "contentHash": "6abRPXrjjEWxcNkTomBIzBdGolYnwD0ykP+6YAynaEEfKlGe94ZSQd58pggucusp28xUA7wLo9XcvzU92ZuF6Q==",
        "dependencies": {
          "Azure.Core": "1.50.0",
          "Azure.Identity": "1.17.1",
          "Microsoft.Data.SqlClient.SNI.runtime": "6.0.2",
          "Microsoft.Identity.Client": "4.84.2",
          "Microsoft.Identity.Client.Broker": "4.84.2",
          "Microsoft.IdentityModel.JsonWebTokens": "7.7.1",
          "Microsoft.IdentityModel.Protocols.OpenIdConnect": "7.7.1",
          "Microsoft.SqlServer.Server": "1.0.0",
          "System.Configuration.ConfigurationManager": "9.0.11",
          "System.IdentityModel.Tokens.Jwt": "7.7.1",
          "System.Security.Cryptography.Pkcs": "9.0.11"
        }
      },
      "Microsoft.Data.SqlClient.SNI.runtime": {
        "type": "Transitive",
        "resolved": "6.0.2",
        "contentHash": "f+pRODTWX7Y67jXO3T5S2dIPZ9qMJNySjlZT/TKmWVNWe19N8jcWmHaqHnnchaq3gxEKv1SWVY5EFzOD06l41w=="
      },
      "Microsoft.EntityFrameworkCore": {
        "type": "Transitive",
        "resolved": "10.0.11",
        "contentHash": "VOSGU8en6HZJs8t7UMFN+9vGcRgVOOn6fA44Ngcg2NyvJ3P1KE94iAb0XzaVaGhXGtt+qaM/VtEn0/hzluQJeg==",
        "dependencies": {
          "Microsoft.EntityFrameworkCore.Abstractions": "10.0.11",
          "Microsoft.EntityFrameworkCore.Analyzers": "10.0.11"
        }
      },
      "Microsoft.EntityFrameworkCore.Abstractions": {
        "type": "Transitive",
        "resolved": "10.0.11",
        "contentHash": "6auJR+9+9VunznKfH7WGrHMrnrmA0F7JZ22EXzwXvVhjfnbu9Xq7NSIWaOf3KJsOanM2qf5ajJ2JR5TlcPZTLA=="
      },
      "Microsoft.EntityFrameworkCore.Analyzers": {
        "type": "Transitive",
        "resolved": "10.0.11",
        "contentHash": "Bv7X4wSSnzCQED9WYXKJ8fwgyvKwf0xZM1GO8xkf6CF9zl+UBnvjxmcPnokJRy0JKjc1SlHSzzhx1HcL4jitTQ=="
      },
      "Microsoft.EntityFrameworkCore.Relational": {
        "type": "Transitive",
        "resolved": "10.0.11",
        "contentHash": "grznnTJgEYxaWpdKAsTzg6j+89jHgCXWYp+QGtlX5O92+w/VuhWM6JLPYb+uw8M9VhGUvOTsO76dYOy9vNPd5Q==",
        "dependencies": {
          "Microsoft.EntityFrameworkCore": "10.0.11"
        }
      },
      "Microsoft.EntityFrameworkCore.SqlServer": {
        "type": "Transitive",
        "resolved": "10.0.11",
        "contentHash": "LClSs5cNN6za2Uk7IeH7RAP4Qe5EMXxFsD9i53ncPx21TVg04IEjoFyxvvsSNkq2/Ux9HyJsJ2qEO8Tl7Gcrrg==",
        "dependencies": {
          "Microsoft.Data.SqlClient": "6.1.6",
          "Microsoft.EntityFrameworkCore.Relational": "10.0.11"
        }
      },
      "Microsoft.Extensions.DependencyModel": {
        "type": "Transitive",
        "resolved": "10.0.0",
        "contentHash": "RFYJR7APio/BiqdQunRq6DB+nDB6nc2qhHr77mlvZ0q0BT8PubMXN7XicmfzCbrDE/dzhBnUKBRXLTcqUiZDGg=="
      },
      "Microsoft.Identity.Client": {
        "type": "Transitive",
        "resolved": "4.84.2",
        "contentHash": "Va9FjmABSgj/lcUfHH0pBNQkmS7SNyepz2ERV7Yynp6QgEYpFdSqR6Vzy1WWipN8GS5pBHuXoZbqaDWuARCrHQ==",
        "dependencies": {
          "Microsoft.IdentityModel.Abstractions": "8.14.0"
        }
      },
      "Microsoft.Identity.Client.Broker": {
        "type": "Transitive",
        "resolved": "4.84.2",
        "contentHash": "928ySLeGz1xtvydwq6h9tv7TbxrtA4ZzavLKUqRJh0PW6BGcEJwpI8W8vf2PlQdYemGm/oyGjdzYzdY/I8r/4A==",
        "dependencies": {
          "Microsoft.Identity.Client": "4.84.2",
          "Microsoft.Identity.Client.NativeInterop": "0.20.6"
        }
      },
      "Microsoft.Identity.Client.Extensions.Msal": {
        "type": "Transitive",
        "resolved": "4.84.2",
        "contentHash": "+D98LaU3dOu/Nzs6kgbBJapMvH7iwYcAeC99XwSkpmEadsPv6rozecOl9P6m4A3RfpOuPt9e6J6TwwUUp3+M4w==",
        "dependencies": {
          "Microsoft.Identity.Client": "4.84.2",
          "System.Security.Cryptography.ProtectedData": "4.5.0"
        }
      },
      "Microsoft.Identity.Client.NativeInterop": {
        "type": "Transitive",
        "resolved": "0.20.6",
        "contentHash": "noyfdMfVxyWpM6xUDmlW6gUvZ5ci24z7Qoy15JvynTQfZV5vTD2NEdsnT5Gy4ngViwgdIp5iRjRy10jAKXFAgw=="
      },
      "Microsoft.IdentityModel.Abstractions": {
        "type": "Transitive",
        "resolved": "8.19.2",
        "contentHash": "HJbo/lnSfNHUfphPRT910poQc4T2/9+8svFLvzuaYHGAOJ2Tu+oEDqpX0BVP3BJ4OuUM1kylEKyaiX2fCAK3Cw=="
      },
      "Microsoft.IdentityModel.JsonWebTokens": {
        "type": "Transitive",
        "resolved": "8.19.2",
        "contentHash": "ui3fuBT4fs8kdKfBthI4NzLYIBIneEVS8UrL1JVBzAn80UiKmngBBi0BEByE7n/9c+EElcfFlCMFFTqpkBSLNA==",
        "dependencies": {
          "Microsoft.IdentityModel.Tokens": "8.19.2"
        }
      },
      "Microsoft.IdentityModel.Logging": {
        "type": "Transitive",
        "resolved": "8.19.2",
        "contentHash": "r5YLDIxGOnkVJHrqXv/iD1FM1CgGrQOdriXuvuWvTPmKbnGANhEysq9XKmN6IHjf2a+9bAGEpnoRBsAQlvJU5w==",
        "dependencies": {
          "Microsoft.IdentityModel.Abstractions": "8.19.2"
        }
      },
      "Microsoft.IdentityModel.Protocols": {
        "type": "Transitive",
        "resolved": "8.19.2",
        "contentHash": "sGxSsSrZXNmca6D+jHH2rVRyo2nNRd/g4H9CFbPmLLq0xgoH1U0orLWE5minfijw7+zq49tBs7txenbfAErRoQ==",
        "dependencies": {
          "Microsoft.IdentityModel.Tokens": "8.19.2"
        }
      },
      "Microsoft.IdentityModel.Protocols.OpenIdConnect": {
        "type": "Transitive",
        "resolved": "8.19.2",
        "contentHash": "1XOcyY36cVymzE3qKdzKaUEZ4Pzt7ZpSa14JZoPPK1NLFUkQDs85TCqpV6XDo0YjFXj6nVK00AfOHppjghjhtw==",
        "dependencies": {
          "Microsoft.IdentityModel.Protocols": "8.19.2",
          "System.IdentityModel.Tokens.Jwt": "8.19.2"
        }
      },
      "Microsoft.IdentityModel.Tokens": {
        "type": "Transitive",
        "resolved": "8.19.2",
        "contentHash": "GtPC1S02uH1gOO4fQ+zRysIicKmEXaYFP8PIkdJYXqMyruYhopre4ozVHp0XiDSA0+GJvOZH9prxCPvgBMg4Ww==",
        "dependencies": {
          "Microsoft.Bcl.Cryptography": "10.0.2",
          "Microsoft.IdentityModel.Logging": "8.19.2"
        }
      },
      "Microsoft.OpenApi": {
        "type": "Transitive",
        "resolved": "2.7.5",
        "contentHash": "0FA67RSnRM4tcBKqiqVu/HPdZ9+QOKbmeRjxRUGTCjPU4C0bmUhd97Dso7Yild5P7nOV6GxJ2xrK0Kv/O9xp0w=="
      },
      "Microsoft.SqlServer.Server": {
        "type": "Transitive",
        "resolved": "1.0.0",
        "contentHash": "N4KeF3cpcm1PUHym1RmakkzfkEv3GRMyofVv40uXsQhCQeglr2OHNcUk2WOG51AKpGO8ynGpo9M/kFXSzghwug=="
      },
      "MongoDB.Bson": {
        "type": "Transitive",
        "resolved": "3.11.1",
        "contentHash": "sCHXQZ5GzQy/e7/EVuC+YWoUzHg/V0dB3OfiU5lgG78jrODfsZq53K6h5yskH7Pd2aRmeiPjpIi/u80TxnjxKg=="
      },
      "MongoDB.Driver": {
        "type": "Transitive",
        "resolved": "3.11.1",
        "contentHash": "FzzXI2pFVjKUeFz3fTAmjuyavzy6HwO/V9+7WX48y6Se+2JfHR+KLmedN9IrAnLQLB8wfHErLyRxFxD29uL2gw==",
        "dependencies": {
          "DnsClient": "1.6.1",
          "MongoDB.Bson": "3.11.1",
          "SharpCompress": "0.48.1",
          "Snappier": "1.3.1",
          "ZstdSharp.Port": "0.7.3"
        }
      },
      "MongoDB.Driver.Core.Extensions.DiagnosticSources": {
        "type": "Transitive",
        "resolved": "3.0.0",
        "contentHash": "TVkI/XM/wNlK4YtNaprf4nuPGSg2bNR5EqemvuVCjWzol04ynWjZdNJacIlwj7pLqZsXjbgGVbtg+ph4erYVBg==",
        "dependencies": {
          "MongoDB.Driver": "[3.0.0, 4.0.0)"
        }
      },
      "Newtonsoft.Json": {
        "type": "Transitive",
        "resolved": "13.0.4",
        "contentHash": "pdgNNMai3zv51W5aq268sujXUyx7SNdE2bj1wZcWjAQrKMFZV260lbqYop1d2GM67JI1huLRwxo9ZqnfF/lC6A=="
      },
      "Open.Serialization": {
        "type": "Transitive",
        "resolved": "3.0.0",
        "contentHash": "ZRPMPvTv3CVRp4xEBWu67hJm1O1RVGmhJhbwIlAPMlGT/es/R8jKfAPHvjxys7o7NkxmYJLYUO/epNWNtGvjcg=="
      },
      "Open.Serialization.Json": {
        "type": "Transitive",
        "resolved": "3.0.0",
        "contentHash": "bKsPLiFL8xhStpkgEKO/blexB6a4lPfus7zMEafh+vciWfJG1EBNaX5nhGgi+W6Jg/wnucCY6E9vmF+KNjqXUw==",
        "dependencies": {
          "Open.Serialization": "3.0.0"
        }
      },
      "Open.Serialization.Json.System": {
        "type": "Transitive",
        "resolved": "3.0.0",
        "contentHash": "Xc/Am7rzQA5sDmEjvG5xphwZ5zZXoD8nChKKK5z+f2i6D8XF16mhjyLA+4s7JLHBVXOja7G+xW3IyQUieBloRQ==",
        "dependencies": {
          "Open.Serialization.Json": "3.0.0"
        }
      },
      "Open.Serialization.Json.Utf8Json": {
        "type": "Transitive",
        "resolved": "3.0.0",
        "contentHash": "z9wUEG/Z3GjJF2JkL31slQ5T/FCil9cxRwS5hMqEjIWazmW3u6lp3HtxlJM1BUXTvWY5Ie41mXDox8Dg8klV4Q==",
        "dependencies": {
          "Open.Serialization.Json": "3.0.0",
          "Utf8Json": "1.3.7"
        }
      },
      "OpenTelemetry": {
        "type": "Transitive",
        "resolved": "1.18.0",
        "contentHash": "13AKxycK+olOLe061MjliPTNBR/DUkjyRr0b9zwUhKyMjFS8lXS7G31R85rkbM55up2YFmdykWdAw2giBDJpiQ==",
        "dependencies": {
          "OpenTelemetry.Api.ProviderBuilderExtensions": "1.18.0"
        }
      },
      "OpenTelemetry.Api": {
        "type": "Transitive",
        "resolved": "1.18.0",
        "contentHash": "Dhzm5oughIY9EWckt2J1yXcEbXpki5WCL2q7prJoYxzH6C7jdkfGtPMTkUVZZ4AhjJKzQnlC+kLSIlmIVwC4Vw=="
      },
      "OpenTelemetry.Api.ProviderBuilderExtensions": {
        "type": "Transitive",
        "resolved": "1.18.0",
        "contentHash": "io6A6PJFp3vIObRGf6oPjdHsdglkinXt/0SpTDJHrVnsLxUtOzwh/QwTsnhBJ43wJ6QcGMkyNzsSSY8XEB1Q5Q==",
        "dependencies": {
          "OpenTelemetry.Api": "1.18.0"
        }
      },
      "OpenTelemetry.Exporter.Console": {
        "type": "Transitive",
        "resolved": "1.18.0",
        "contentHash": "OLH5WEH7fmKl8Vkg7w+x2OQySQYhLID1ulQQpn+UAVK7oCqo8Rl5IfOXuoCJ3DB7SiT9HYYpJOQgyNg+CtYCAg==",
        "dependencies": {
          "OpenTelemetry": "1.18.0"
        }
      },
      "OpenTelemetry.Exporter.OpenTelemetryProtocol": {
        "type": "Transitive",
        "resolved": "1.18.0",
        "contentHash": "Et3WAviooKGObZjUZN8d6eTsdJs1YM3ZoN+KlWSAHksTmHG1nyGi9XGo2wb0fkFMWK0g80FOPdR1njg52Dm+aw==",
        "dependencies": {
          "OpenTelemetry": "1.18.0"
        }
      },
      "OpenTelemetry.Exporter.Prometheus.AspNetCore": {
        "type": "Transitive",
        "resolved": "1.18.0-beta.1",
        "contentHash": "TN/EaLh2nwk7IECKJyqBioC3+A/rYXYv6Fby0MGYStI0dQzJdgtV8+ERpLq2L3WWSM9Lah7qOEV305+1PUmLEw==",
        "dependencies": {
          "OpenTelemetry": "[1.18.0, 2.0.0)"
        }
      },
      "OpenTelemetry.Extensions.Hosting": {
        "type": "Transitive",
        "resolved": "1.18.0",
        "contentHash": "u+JMA82H65MKwMvd2qUpL8C2qE4Jux2nvX9hmy036UK/Apv2YyIRYCttF/vlX6nMPcAKI8BXkscmL4QG3C69fw==",
        "dependencies": {
          "OpenTelemetry": "1.18.0"
        }
      },
      "OpenTelemetry.Instrumentation.AspNetCore": {
        "type": "Transitive",
        "resolved": "1.18.0",
        "contentHash": "hBiMXE/CGIAHUOpi0gScNkjHB0L9XbCin5lZObL+dMBl4OmpndnHgxP3JZDnnGtU6qOzdeh8TYUV9f6Jgmmhlw==",
        "dependencies": {
          "OpenTelemetry.Api.ProviderBuilderExtensions": "[1.18.0, 2.0.0)"
        }
      },
      "OpenTelemetry.Instrumentation.Http": {
        "type": "Transitive",
        "resolved": "1.18.0",
        "contentHash": "/X57peOOa4a+9V4DSVXbuIWdsAxmU5gsxw8lu+gJU0zuewsYhC9f6qdm8GEW0VvqG9e+gxn0HdVR5G3YHcWDTw==",
        "dependencies": {
          "OpenTelemetry.Api.ProviderBuilderExtensions": "[1.18.0, 2.0.0)"
        }
      },
      "OpenTelemetry.Instrumentation.Runtime": {
        "type": "Transitive",
        "resolved": "1.18.0",
        "contentHash": "McuXGjBJDL/Cown2PxfUQysK98MZG7ZDjO/IKUtaAx8t1m0PB0d+QtJC79RFTVipMhRIwjJiULNOp0OGfZbvwg==",
        "dependencies": {
          "OpenTelemetry.Api": "[1.18.0, 2.0.0)"
        }
      },
      "OpenTelemetry.Instrumentation.SqlClient": {
        "type": "Transitive",
        "resolved": "1.18.0",
        "contentHash": "9GNQyBaHlUGnVWhp/sv2ud1dcK0i/+GFIcB7rWfXN+oXIksZP0/2ljUaRRIZWDzn5f4OXLylq2WL9qyjvvupbg==",
        "dependencies": {
          "OpenTelemetry.Api.ProviderBuilderExtensions": "[1.18.0, 2.0.0)"
        }
      },
      "OpenTelemetry.PersistentStorage.Abstractions": {
        "type": "Transitive",
        "resolved": "1.0.3",
        "contentHash": "7nSE1uLY0KOHRssg1xQydDZJ/s9zECOzFT/gSDIp1KTxbgd1yziuMTsdBKZ/N1BbpUxfH6Pjq5OMd7lYogwReA=="
      },
      "OpenTelemetry.PersistentStorage.FileSystem": {
        "type": "Transitive",
        "resolved": "1.0.3",
        "contentHash": "3k+yCroJcGBtZIia+0LgzMlBuD0U95BzcWNEGWedusBaRAD8EmkaCPAUwaCtFbb/Mg7HywbIG2zuenANPYFJ0g==",
        "dependencies": {
          "OpenTelemetry.PersistentStorage.Abstractions": "1.0.3"
        }
      },
      "Polly": {
        "type": "Transitive",
        "resolved": "8.7.0",
        "contentHash": "0qR4f0OR8FeCAfLWcfwzAM7w6EmpUgwa22PgxKjcL25dEAto7sKpQQXbtxp38vVvK+V3RFkh/TeI7g/iUdoYIQ==",
        "dependencies": {
          "Polly.Core": "8.7.0"
        }
      },
      "Polly.Core": {
        "type": "Transitive",
        "resolved": "8.7.0",
        "contentHash": "BS2t+nsBer16PIebCEPNBK5fgMisADQyRCd7K+BgkMWpFmSaiYE+rVVNpFhGRqUkJmNSLmw0uCNzHHWfgml28Q=="
      },
      "RabbitMQ.Client": {
        "type": "Transitive",
        "resolved": "7.2.2",
        "contentHash": "k4b6RnTXpLbsF96V93ooNYxgPMnoA2tEm24B6AXNJr1mG8wwNYdA1XJtgU66L5xqeGyveS7SJriRzlX3cbqQNA=="
      },
      "Scrutor": {
        "type": "Transitive",
        "resolved": "7.0.0",
        "contentHash": "wHWaroody48jnlLoq/REwUltIFLxplXyHTP+sttrc8P7+jkiVqf38afDidJNv4qgD/6zz2NKOYg06xLZ1bG7wQ==",
        "dependencies": {
          "Microsoft.Extensions.DependencyModel": "10.0.0"
        }
      },
      "Serilog": {
        "type": "Transitive",
        "resolved": "4.3.1",
        "contentHash": "savYe7h5yRlkqBVOwP8cIRDOdqKiPmYCU4W87JH38sBmcKD5EBoXvQIw6bNEvZ/pTe1gsiye3VFCzBsoppGkXQ=="
      },
      "Serilog.AspNetCore": {
        "type": "Transitive",
        "resolved": "10.0.0",
        "contentHash": "a/cNa1mY4On1oJlfGG1wAvxjp5g7OEzk/Jf/nm7NF9cWoE7KlZw1GldrifUBWm9oKibHkR7Lg/l5jy3y7ACR8w==",
        "dependencies": {
          "Serilog": "4.3.0",
          "Serilog.Extensions.Hosting": "10.0.0",
          "Serilog.Formatting.Compact": "3.0.0",
          "Serilog.Settings.Configuration": "10.0.0",
          "Serilog.Sinks.Console": "6.1.1",
          "Serilog.Sinks.Debug": "3.0.0",
          "Serilog.Sinks.File": "7.0.0"
        }
      },
      "Serilog.Enrichers.Environment": {
        "type": "Transitive",
        "resolved": "3.0.1",
        "contentHash": "9BqCE4C9FF+/rJb/CsQwe7oVf44xqkOvMwX//CUxvUR25lFL4tSS6iuxE5eW07quby1BAyAEP+vM6TWsnT3iqw==",
        "dependencies": {
          "Serilog": "4.0.0"
        }
      },
      "Serilog.Enrichers.Process": {
        "type": "Transitive",
        "resolved": "3.0.0",
        "contentHash": "/wPYz2PDCJGSHNI+Z0PAacZvrgZgrGduWqLXeC2wvW6pgGM/Bi45JrKy887MRcRPHIZVU0LAlkmJ7TkByC0boQ==",
        "dependencies": {
          "Serilog": "4.0.0"
        }
      },
      "Serilog.Enrichers.Span": {
        "type": "Transitive",
        "resolved": "3.1.0",
        "contentHash": "xNxy5FxIuLLusRHBpJwJ/YqVw5S7Dtbt79NUsPQxDtu4+CYG4kJgjLs9fjZhKPMjZQL8GZRewT8brap9h2r+Vw==",
        "dependencies": {
          "Serilog": "2.10.0"
        }
      },
      "Serilog.Enrichers.Thread": {
        "type": "Transitive",
        "resolved": "4.0.0",
        "contentHash": "C7BK25a1rhUyr+Tp+1BYcVlBJq7M2VCHlIgnwoIUVJcicM9jYcvQK18+OeHiXw7uLPSjqWxJIp1EfaZ/RGmEwA==",
        "dependencies": {
          "Serilog": "4.0.0"
        }
      },
      "Serilog.Exceptions": {
        "type": "Transitive",
        "resolved": "8.4.0",
        "contentHash": "nc/+hUw3lsdo0zCj0KMIybAu7perMx79vu72w0za9Nsi6mWyNkGXxYxakAjWB7nEmYL6zdmhEQRB4oJ2ALUeug==",
        "dependencies": {
          "Serilog": "2.8.0",
          "System.Reflection.TypeExtensions": "4.7.0"
        }
      },
      "Serilog.Extensions.Hosting": {
        "type": "Transitive",
        "resolved": "10.0.0",
        "contentHash": "E7juuIc+gzoGxgzFooFgAV8g9BfiSXNKsUok9NmEpyAXg2odkcPsMa/Yo4axkJRlh0se7mkYQ1GXDaBemR+b6w==",
        "dependencies": {
          "Serilog": "4.3.0",
          "Serilog.Extensions.Logging": "10.0.0"
        }
      },
      "Serilog.Extensions.Logging": {
        "type": "Transitive",
        "resolved": "10.0.0",
        "contentHash": "vx0kABKl2dWbBhhqAfTOk53/i8aV/5VaT3a6il9gn72Wqs2pM7EK2OB6No6xdqK2IaY6Zf9gdjLuK9BVa2rT+Q==",
        "dependencies": {
          "Serilog": "4.2.0"
        }
      },
      "Serilog.Formatting.Compact": {
        "type": "Transitive",
        "resolved": "3.0.0",
        "contentHash": "wQsv14w9cqlfB5FX2MZpNsTawckN4a8dryuNGbebB/3Nh1pXnROHZov3swtu3Nj5oNG7Ba+xdu7Et/ulAUPanQ==",
        "dependencies": {
          "Serilog": "4.0.0"
        }
      },
      "Serilog.Formatting.Elasticsearch": {
        "type": "Transitive",
        "resolved": "10.0.0",
        "contentHash": "N9FsqRnl+rQOD2ldJMbEgPySwFDkUB8s6PCj5e92ryektgyZNFze3R2c1nwGOz6jhJ2aIzBIBNDM69CCzdHO0w==",
        "dependencies": {
          "Serilog": "2.12.0"
        }
      },
      "Serilog.Settings.Configuration": {
        "type": "Transitive",
        "resolved": "10.0.0",
        "contentHash": "LNq+ibS1sbhTqPV1FIE69/9AJJbfaOhnaqkzcjFy95o+4U+STsta9mi97f1smgXsWYKICDeGUf8xUGzd/52/uA==",
        "dependencies": {
          "Microsoft.Extensions.DependencyModel": "10.0.0",
          "Serilog": "4.3.0"
        }
      },
      "Serilog.Sinks.ApplicationInsights": {
        "type": "Transitive",
        "resolved": "5.0.1",
        "contentHash": "JCM6e7GfR4ZW5fsILjQHL4DrJJYM6k6BLZ6LrGXhsRYt0FbKhvC26dVJ7TNVxf1M0ZGKkEzDywbajsNswUxp6g==",
        "dependencies": {
          "Microsoft.ApplicationInsights": "[2.23.0, 3.0.0)",
          "Serilog": "4.3.1"
        }
      },
      "Serilog.Sinks.Async": {
        "type": "Transitive",
        "resolved": "2.1.0",
        "contentHash": "SnmRknWsSMgyo9wDXeZZCqSp48kkQYy44taSM6vcpxfiRICzSf09oLKEmVr0RCwQnfd8mJQ2WNN6nvhqf0RowQ==",
        "dependencies": {
          "Serilog": "4.1.0"
        }
      },
      "Serilog.Sinks.Console": {
        "type": "Transitive",
        "resolved": "6.1.1",
        "contentHash": "8jbqgjUyZlfCuSTaJk6lOca465OndqOz3KZP6Cryt/IqZYybyBu7GP0fE/AXBzrrQB3EBmQntBFAvMVz1COvAA==",
        "dependencies": {
          "Serilog": "4.0.0"
        }
      },
      "Serilog.Sinks.Debug": {
        "type": "Transitive",
        "resolved": "3.0.0",
        "contentHash": "4BzXcdrgRX7wde9PmHuYd9U6YqycCC28hhpKonK7hx0wb19eiuRj16fPcPSVp0o/Y1ipJuNLYQ00R3q2Zs8FDA==",
        "dependencies": {
          "Serilog": "4.0.0"
        }
      },
      "Serilog.Sinks.Elasticsearch": {
        "type": "Transitive",
        "resolved": "10.0.0",
        "contentHash": "9MzR3UeQ/ZBu21K0gYHry4GFWeHFvizRwXnnDvoYc/ComnIzkrfkMNmiAzcMsyx3pHTVLuQSgHs209jM6opSjQ==",
        "dependencies": {
          "Elasticsearch.Net": "7.17.5",
          "Serilog": "3.1.1",
          "Serilog.Formatting.Compact": "2.0.0",
          "Serilog.Formatting.Elasticsearch": "10.0.0",
          "Serilog.Sinks.File": "5.0.0",
          "Serilog.Sinks.PeriodicBatching": "4.0.0"
        }
      },
      "Serilog.Sinks.File": {
        "type": "Transitive",
        "resolved": "7.0.0",
        "contentHash": "fKL7mXv7qaiNBUC71ssvn/dU0k9t0o45+qm2XgKAlSt19xF+ijjxyA3R6HmCgfKEKwfcfkwWjayuQtRueZFkYw==",
        "dependencies": {
          "Serilog": "4.2.0"
        }
      },
      "Serilog.Sinks.Grafana.Loki": {
        "type": "Transitive",
        "resolved": "9.0.2",
        "contentHash": "Tgja5SRbZfNVZsPtq3ThQayf4G11kWdoDHJjUDK93uGuhrEsKn+nA0FsMmCfohZV+717bZOKFwGWxQzWQdaEpg==",
        "dependencies": {
          "FSharp.Core": "10.1.301",
          "Serilog": "4.3.1"
        }
      },
      "Serilog.Sinks.OpenTelemetry": {
        "type": "Transitive",
        "resolved": "4.2.0",
        "contentHash": "PzMCyE5G19tjr5IZEi5qg+4UU5QrxBEoBEMu/hhYybTrGKXqUDiSGWKZNUDBgelaVKqLADlsmlJVyKce5SyPrg==",
        "dependencies": {
          "Google.Protobuf": "3.30.1",
          "Grpc.Net.Client": "2.70.0",
          "Serilog": "4.2.0"
        }
      },
      "Serilog.Sinks.PeriodicBatching": {
        "type": "Transitive",
        "resolved": "4.0.0",
        "contentHash": "kxg6QLNA1sDVqYEE7/6hCr/Ur3imS+qaoEqriQh07WTU1/b6jknnuVN1rWQpj67JpwAXXTmgI3Js9IGGktgumQ==",
        "dependencies": {
          "Serilog": "3.1.1"
        }
      },
      "Serilog.Sinks.Seq": {
        "type": "Transitive",
        "resolved": "9.1.0",
        "contentHash": "4Dam+H9AlYigRgvPmbEJmw7jgz2y2He1qmuopAWt/EnZJ2vlrcG5Nmh934LHq4lfKgF6cAau8NIFMCZrq1u2Hw==",
        "dependencies": {
          "Serilog": "4.3.1",
          "Serilog.Sinks.File": "7.0.0"
        }
      },
      "SharpCompress": {
        "type": "Transitive",
        "resolved": "0.48.1",
        "contentHash": "SqGaVniGG943Gph/gHhUQUiZPyC7y0tXZyMf0/B2oGsMav9dqs7JJOuUA+xOkwKYaWM2TM7aZQjNK91f4bX71A=="
      },
      "SmartFormat": {
        "type": "Transitive",
        "resolved": "3.6.1",
        "contentHash": "URa4c3DJcP8B+WNK3jd1AyuBAXmyRKEwTifzJOLeZ9Vud5PcQTGzBG5XkyhebD4tYj+VdyHwwjeBtgwJSIig9A==",
        "dependencies": {
          "ZString": "2.6.0"
        }
      },
      "SmartFormat.Extensions.Newtonsoft.Json": {
        "type": "Transitive",
        "resolved": "3.6.1",
        "contentHash": "J2a8cLBqhGG2IGC7eJPNYHCTlwsEM0w6NNmhJJBGnXs8voSl08LlDVTnh3rz7Nber7Xga55AMLcsK55R2GMBhg==",
        "dependencies": {
          "Newtonsoft.Json": "13.0.3",
          "SmartFormat": "3.6.1"
        }
      },
      "SmartFormat.Extensions.System.Text.Json": {
        "type": "Transitive",
        "resolved": "3.6.1",
        "contentHash": "z6mQZmGuI+wTS+3324mI2uzX7oAk9T3y9aAxX+5Fs9eb/7/zlWpghxkrLVMKiftfvfraPHAyp7SALoqy8FkHWg==",
        "dependencies": {
          "SmartFormat": "3.6.1"
        }
      },
      "SmartFormat.Extensions.Time": {
        "type": "Transitive",
        "resolved": "3.6.1",
        "contentHash": "sTOe/rbm85nDmtOmhiE5GJVQJmPEMOIbNRa0Uh9mDvMVEP8Xf0iaU8/pcDmLO9e2+PQGfiDWv5BaGv+p6PCMyg==",
        "dependencies": {
          "SmartFormat": "3.6.1"
        }
      },
      "SmartFormat.Extensions.Xml": {
        "type": "Transitive",
        "resolved": "3.6.1",
        "contentHash": "GUN8RSgtr4D6Nt0SPIifaixDOJ6uglTi9m2eMmZFM6Ha6z/IPDTjB+mEUwuUAGb6j7CVxKQ5U7Sy9Y4CLaQPiQ==",
        "dependencies": {
          "SmartFormat": "3.6.1"
        }
      },
      "SmartFormat.NET": {
        "type": "Transitive",
        "resolved": "3.6.1",
        "contentHash": "6EFBT0dpUjttc3cYbXp+LGJ12PykYYnxDcipmQSF4vhC930z1GoKz2wuxl3nYh9oVtNnkxkkvfK5sl1U+GMlXw==",
        "dependencies": {
          "SmartFormat": "3.6.1",
          "SmartFormat.Extensions.Newtonsoft.Json": "3.6.1",
          "SmartFormat.Extensions.System.Text.Json": "3.6.1",
          "SmartFormat.Extensions.Time": "3.6.1",
          "SmartFormat.Extensions.Xml": "3.6.1"
        }
      },
      "Snappier": {
        "type": "Transitive",
        "resolved": "1.3.1",
        "contentHash": "DOdDQiO8YZ5rBtVLY+6CmR1yp9WYoJRgEEktPBrR0tEj9QO2djA/zv0O3DX0OZpEAfosbY8pytQ9tQUogwQsEA=="
      },
      "Spectre.Console": {
        "type": "Transitive",
        "resolved": "0.57.2",
        "contentHash": "wzsB+P9i6F9G+cFOJxRotCiQWNSzZVAMxi8YMiHlGXXU1JLMXGp7zSSqBMmROZS2bzpK5jk+Saa7Evp8HwqhKg==",
        "dependencies": {
          "Spectre.Console.Ansi": "0.57.2"
        }
      },
      "Spectre.Console.Ansi": {
        "type": "Transitive",
        "resolved": "0.57.2",
        "contentHash": "Y1+u73shwP+JYHmrkdN6bSt2kaGBEAafhi2nrecczbXdFRey+k7J/WF9YPfcB0rqivv2S8fmif6FSBq9m/AFvw=="
      },
      "StyleCop.Analyzers.Unstable": {
        "type": "Transitive",
        "resolved": "1.2.0.556",
        "contentHash": "zvn9Mqs/ox/83cpYPignI8hJEM2A93s2HkHs8HYMOAQW0PkampyoErAiIyKxgTLqbbad29HX/shv/6LGSjPJNQ=="
      },
      "Swashbuckle.AspNetCore.Annotations": {
        "type": "Transitive",
        "resolved": "10.2.3",
        "contentHash": "plbv/9BrcOQfCop5avxdMzp9Qw3jRPdCDaCkwIAYmEcjPUhNwUKqIYBPcXfAU4Jw5gVGj1bKTUuwYx9M43hPPg==",
        "dependencies": {
          "Swashbuckle.AspNetCore.SwaggerGen": "10.2.3"
        }
      },
      "Swashbuckle.AspNetCore.ReDoc": {
        "type": "Transitive",
        "resolved": "10.2.3",
        "contentHash": "q1gkRGDAbTgF0oNbYyOxxVLdl0xA3LQyO0khCSxru7/hJWM504m8OhnOk9XVcEsX7j6socGc49MsiDREpmIccQ=="
      },
      "Swashbuckle.AspNetCore.Swagger": {
        "type": "Transitive",
        "resolved": "10.2.3",
        "contentHash": "1jUUs3WQnrS0FUtaZPLSy1yYMEwS1zlvDmvQ2/eldPHUANX0LJSLVZecCMgSMdeGiRqeaRrIXLtSz++TCiTMww==",
        "dependencies": {
          "Microsoft.OpenApi": "2.7.5"
        }
      },
      "Swashbuckle.AspNetCore.SwaggerGen": {
        "type": "Transitive",
        "resolved": "10.2.3",
        "contentHash": "y7t4coDRAeFYChmvlMRiH2OjbiRrm9AVIDgt17fQfs3x9PVAI5PiwWYOhg+4F13R4Q36WDc9lqfoOnNa3tNbGg==",
        "dependencies": {
          "Swashbuckle.AspNetCore.Swagger": "10.2.3"
        }
      },
      "Swashbuckle.AspNetCore.SwaggerUI": {
        "type": "Transitive",
        "resolved": "10.2.3",
        "contentHash": "nthWONRs/FJ4yyG206g1cC52WEG8EqrjuMWjGdR+5XG7lbjFto6NqcI9EMICgVFom/UivIjUVwI76ZHbHwTPfQ=="
      },
      "System.ClientModel": {
        "type": "Transitive",
        "resolved": "1.15.0",
        "contentHash": "y6zQLInrpX+oGL1gXM04DrUSu1O1esWxt4rD/zrujTnzIFChn/noD1OiVVpTrU8ZvglwqO2Uw038svUR3SiAOg==",
        "dependencies": {
          "System.Memory.Data": "10.0.9"
        }
      },
      "System.Configuration.ConfigurationManager": {
        "type": "Transitive",
        "resolved": "9.0.11",
        "contentHash": "vPinosRgEk1CGjohbv0pDuz6gPprkWo5xvBTjOJjks5JOgOEWvPndq5NngGxiTcBcy1+k9GwzZ1c3Bp2fU5ezw==",
        "dependencies": {
          "System.Security.Cryptography.ProtectedData": "9.0.11"
        }
      },
      "System.IdentityModel.Tokens.Jwt": {
        "type": "Transitive",
        "resolved": "8.19.2",
        "contentHash": "gqhDC/icByKEutygpr+OFgAmjwTVowyzFjWB8K0q1ww8uFj5a1BQNL+QvijUl9uhq4p8OdDwcAIrjVC+eC9FVA==",
        "dependencies": {
          "Microsoft.IdentityModel.JsonWebTokens": "8.19.2",
          "Microsoft.IdentityModel.Tokens": "8.19.2"
        }
      },
      "System.Memory.Data": {
        "type": "Transitive",
        "resolved": "10.0.9",
        "contentHash": "YweovHiLUoEdbr2Xv8eRqCSkTu1vMms4a6xBHaQiMSFVy32PL+hXv6Vhol2NWOmLHjaVgTyhJ3R52U6JxS6w3Q=="
      },
      "System.Reflection.TypeExtensions": {
        "type": "Transitive",
        "resolved": "4.7.0",
        "contentHash": "VybpaOQQhqE6siHppMktjfGBw1GCwvCqiufqmP8F1nj7fTUNtW35LOEt3UZTEsECfo+ELAl/9o9nJx3U91i7vA=="
      },
      "System.Security.Cryptography.Pkcs": {
        "type": "Transitive",
        "resolved": "9.0.11",
        "contentHash": "YS2YqtN6fFjlTDIQI+ucjbbrEvwMn796r+VLTQRr/5Oy6g+i+m7nIou83KnJCnAcKna2I+5eVJRks6SoHSpetQ=="
      },
      "System.Security.Cryptography.ProtectedData": {
        "type": "Transitive",
        "resolved": "9.0.11",
        "contentHash": "s8yUYuYYu+PAwvBdhLG1KyrGrk9gkYeuPxfAsXsTqqWyepwSyEw8hAaflW4nO98NG52YpYI1am2+9o+79h2RtQ=="
      },
      "Utf8Json": {
        "type": "Transitive",
        "resolved": "1.3.7",
        "contentHash": "lMTNZWp6a6KGkgMc3rW41D3b0REb03fQycfb/2bNBpiUtsbGYYI/LrAhnX52vrHRe4ze7JxbtpWF1Y5ohdpipQ=="
      },
      "ZstdSharp.Port": {
        "type": "Transitive",
        "resolved": "0.7.3",
        "contentHash": "U9Ix4l4cl58Kzz1rJzj5hoVTjmbx1qGMwzAcbv1j/d3NzrFaESIurQyg+ow4mivCgkE3S413y+U9k4WdnEIkRA=="
      },
      "ZString": {
        "type": "Transitive",
        "resolved": "2.6.0",
        "contentHash": "XE8a+11nZg0LRaf+RGABEWaHIf8yGd5w8v/Ra1iWxMBmAVzwuKbW7G21mS0U7w7sh1lYcgckInWGgnz4qyET8A=="
      },
      "genocs.auth": {
        "type": "Project",
        "dependencies": {
          "Genocs.Security": "[9.0.2, )"
        }
      },
      "genocs.common": {
        "type": "Project"
      },
      "genocs.core": {
        "type": "Project",
        "dependencies": {
          "Ardalis.Specification": "[9.3.1, )",
          "FluentValidation.DependencyInjectionExtensions": "[12.1.1, )",
          "Genocs.Common": "[9.0.2, )",
          "MediatR.Contracts": "[2.0.1, )",
          "Scrutor": "[7.0.0, )",
          "Spectre.Console": "[0.57.2, )"
        }
      },
      "genocs.http": {
        "type": "Project",
        "dependencies": {
          "Genocs.Core": "[9.0.2, )",
          "Polly": "[8.7.0, )"
        }
      },
      "Genocs.Library.Demo.Contracts": {
        "type": "Project",
        "dependencies": {
          "Genocs.Common": "[9.0.2, )"
        }
      },
      "Genocs.Library.Demo.Domain": {
        "type": "Project",
        "dependencies": {
          "Genocs.Core": "[9.0.2, )",
          "Genocs.Library.Demo.Contracts": "[9.0.2, )",
          "Genocs.Persistence.EFCore": "[9.0.2, )",
          "Genocs.Persistence.MongoDB": "[9.0.2, )"
        }
      },
      "genocs.logging": {
        "type": "Project",
        "dependencies": {
          "Genocs.Core": "[9.0.2, )",
          "Serilog.AspNetCore": "[10.0.0, )",
          "Serilog.Enrichers.Environment": "[3.0.1, )",
          "Serilog.Enrichers.Process": "[3.0.0, )",
          "Serilog.Enrichers.Span": "[3.1.0, )",
          "Serilog.Enrichers.Thread": "[4.0.0, )",
          "Serilog.Exceptions": "[8.4.0, )",
          "Serilog.Sinks.ApplicationInsights": "[5.0.1, )",
          "Serilog.Sinks.Async": "[2.1.0, )",
          "Serilog.Sinks.ElasticSearch": "[10.0.0, )",
          "Serilog.Sinks.Grafana.Loki": "[9.0.2, )",
          "Serilog.Sinks.OpenTelemetry": "[4.2.0, )",
          "Serilog.Sinks.Seq": "[9.1.0, )",
          "SmartFormat.NET": "[3.6.1, )"
        }
      },
      "genocs.messaging": {
        "type": "Project",
        "dependencies": {
          "Genocs.Core": "[9.0.2, )"
        }
      },
      "genocs.messaging.rabbitmq": {
        "type": "Project",
        "dependencies": {
          "Genocs.Messaging": "[9.0.2, )",
          "Newtonsoft.Json": "[13.0.4, )",
          "Polly": "[8.7.0, )",
          "RabbitMQ.Client": "[7.2.2, )"
        }
      },
      "genocs.persistence.efcore": {
        "type": "Project",
        "dependencies": {
          "Ardalis.Specification.EntityFrameworkCore": "[9.3.1, )",
          "Dapper": "[2.1.79, )",
          "Genocs.Core": "[9.0.2, )",
          "Mapster": "[10.0.11, )",
          "MediatR": "[14.2.0, )",
          "Microsoft.EntityFrameworkCore.Relational": "[10.0.10, )",
          "Serilog.Extensions.Hosting": "[10.0.0, )"
        }
      },
      "genocs.persistence.efcore.multitenancy.sqlserver": {
        "type": "Project",
        "dependencies": {
          "Finbuckle.MultiTenant.AspNetCore": "[9.4.12, )",
          "Finbuckle.MultiTenant.EntityFrameworkCore": "[9.4.12, )",
          "Genocs.Persistence.EFCore.SqlServer": "[9.0.2, )",
          "Mapster": "[10.0.12, )",
          "MediatR": "[14.2.0, )"
        }
      },
      "genocs.persistence.efcore.sqlserver": {
        "type": "Project",
        "dependencies": {
          "Genocs.Persistence.EFCore": "[9.0.2, )",
          "Microsoft.EntityFrameworkCore.SqlServer": "[10.0.11, )"
        }
      },
      "genocs.persistence.mongodb": {
        "type": "Project",
        "dependencies": {
          "Genocs.Core": "[9.0.2, )",
          "MongoDB.Driver": "[3.11.1, )",
          "MongoDB.Driver.Core.Extensions.DiagnosticSources": "[3.0.0, )"
        }
      },
      "genocs.secrets.azurekeyvault": {
        "type": "Project",
        "dependencies": {
          "Azure.Extensions.AspNetCore.Configuration.Secrets": "[1.5.2, )",
          "Azure.Identity": "[1.21.0, )",
          "Genocs.Core": "[9.0.2, )"
        }
      },
      "genocs.security": {
        "type": "Project",
        "dependencies": {
          "Genocs.Core": "[9.0.2, )",
          "Microsoft.AspNetCore.Authentication.JwtBearer": "[10.0.11, )"
        }
      },
      "genocs.telemetry": {
        "type": "Project",
        "dependencies": {
          "Azure.Monitor.OpenTelemetry.Exporter": "[1.8.3, )",
          "Genocs.Core": "[9.0.2, )",
          "MongoDB.Driver.Core.Extensions.DiagnosticSources": "[3.0.0, )",
          "OpenTelemetry.Exporter.Console": "[1.18.0, )",
          "OpenTelemetry.Exporter.OpenTelemetryProtocol": "[1.18.0, )",
          "OpenTelemetry.Exporter.Prometheus.AspNetCore": "[1.18.0-beta.1, )",
          "OpenTelemetry.Extensions.Hosting": "[1.18.0, )",
          "OpenTelemetry.Instrumentation.AspNetCore": "[1.18.0, )",
          "OpenTelemetry.Instrumentation.Http": "[1.18.0, )",
          "OpenTelemetry.Instrumentation.Runtime": "[1.18.0, )",
          "OpenTelemetry.Instrumentation.SqlClient": "[1.18.0, )"
        }
      },
      "genocs.webapi": {
        "type": "Project",
        "dependencies": {
          "Genocs.Core": "[9.0.2, )",
          "Open.Serialization.Json.System": "[3.0.0, )",
          "Open.Serialization.Json.Utf8Json": "[3.0.0, )"
        }
      },
      "genocs.webapi.openapi": {
        "type": "Project",
        "dependencies": {
          "Genocs.WebApi": "[9.0.2, )",
          "Swashbuckle.AspNetCore.Annotations": "[10.2.3, )",
          "Swashbuckle.AspNetCore.ReDoc": "[10.2.3, )",
          "Swashbuckle.AspNetCore.Swagger": "[10.2.3, )",
          "Swashbuckle.AspNetCore.SwaggerGen": "[10.2.3, )",
          "Swashbuckle.AspNetCore.SwaggerUI": "[10.2.3, )"
        }
      },
      "genocs.webapi.security": {
        "type": "Project",
        "dependencies": {
          "Genocs.Core": "[9.0.2, )",
          "Microsoft.AspNetCore.Authentication.Certificate": "[10.0.11, )"
        }
      }
    }
  }
}